{
  "version": 4,
  "terraform_version": "1.4.2",
  "serial": 1375,
  "lineage": "5f88fa5c-c697-2030-7066-068e03a69bd4",
  "outputs": {},
  "resources": [
    {
      "module": "module.compute",
      "mode": "data",
      "type": "template_file",
      "name": "jenkins",
      "provider": "provider[\"registry.terraform.io/hashicorp/template\"]",
      "instances": [
        {
          "schema_version": 0,
          "attributes": {
            "filename": null,
            "id": "3629740b414719e5fb49b1380f30839ec1451601619a02aba5987d36e00a41c2",
            "rendered": "#!/bin/bash\r\n\r\necho \"*********** Initializing ***********\"\r\n\r\necho \"***************** apt-get update *****************\"\r\nsudo apt-get update\r\nsudo apt-get upgrade -y\r\nsleep 5\r\n\r\necho \"***************** Installing jdk *****************\"\r\nsudo apt install default-jdk -y\r\n\r\necho \"***************** Install AWS tools agent *****************\"\r\nsudo apt-get install ec2-api-tools wget xmlstarlet moreutils jq apt-transport-https software-properties-common \\\r\n   ca-certificates dos2unix \\\r\n   curl \\\r\n   gnupg \\\r\n   lsb-release -y\r\n\r\n# install unzip\r\necho \"***************** Install unzip *****************\"\r\nsudo apt-get install unzip zip -y\r\nsleep 5\r\n\r\n# Install AWSCLI\r\necho \"***************** Install AWS CLI *****************\"\r\nsudo curl \"https://awscli.amazonaws.com/awscli-exe-linux-x86_64.zip\" -o \"awscliv2.zip\"\r\nsudo unzip awscliv2.zip\r\nsudo ./aws/install\r\nsleep 5\r\n\r\n# Install nginx\r\necho \"***************** Install nginx *****************\"\r\nsudo apt-get install nginx -y\r\nsudo systemctl enable nginx\r\nsleep 5\r\n\r\n  sudo wget -q -O - https://pkg.jenkins.io/debian-stable/jenkins.io.key | sudo apt-key add -\r\n  sudo sh -c 'echo deb http://pkg.jenkins.io/debian-stable binary/ \u003e /etc/apt/sources.list.d/jenkins.list'\r\n  sudo apt update \u0026\u0026 sudo apt install jenkins -y\r\n\r\n  sudo systemctl enable jenkins\r\n  sudo systemctl restart jenkins\r\n  sleep 10\r\n",
            "template": "#!/bin/bash\r\n\r\necho \"*********** Initializing ***********\"\r\n\r\necho \"***************** apt-get update *****************\"\r\nsudo apt-get update\r\nsudo apt-get upgrade -y\r\nsleep 5\r\n\r\necho \"***************** Installing jdk *****************\"\r\nsudo apt install default-jdk -y\r\n\r\necho \"***************** Install AWS tools agent *****************\"\r\nsudo apt-get install ec2-api-tools wget xmlstarlet moreutils jq apt-transport-https software-properties-common \\\r\n   ca-certificates dos2unix \\\r\n   curl \\\r\n   gnupg \\\r\n   lsb-release -y\r\n\r\n# install unzip\r\necho \"***************** Install unzip *****************\"\r\nsudo apt-get install unzip zip -y\r\nsleep 5\r\n\r\n# Install AWSCLI\r\necho \"***************** Install AWS CLI *****************\"\r\nsudo curl \"https://awscli.amazonaws.com/awscli-exe-linux-x86_64.zip\" -o \"awscliv2.zip\"\r\nsudo unzip awscliv2.zip\r\nsudo ./aws/install\r\nsleep 5\r\n\r\n# Install nginx\r\necho \"***************** Install nginx *****************\"\r\nsudo apt-get install nginx -y\r\nsudo systemctl enable nginx\r\nsleep 5\r\n\r\n  sudo wget -q -O - https://pkg.jenkins.io/debian-stable/jenkins.io.key | sudo apt-key add -\r\n  sudo sh -c 'echo deb http://pkg.jenkins.io/debian-stable binary/ \u003e /etc/apt/sources.list.d/jenkins.list'\r\n  sudo apt update \u0026\u0026 sudo apt install jenkins -y\r\n\r\n  sudo systemctl enable jenkins\r\n  sudo systemctl restart jenkins\r\n  sleep 10\r\n",
            "vars": null
          },
          "sensitive_attributes": []
        }
      ]
    },
    {
      "module": "module.compute",
      "mode": "data",
      "type": "template_file",
      "name": "jump-server",
      "provider": "provider[\"registry.terraform.io/hashicorp/template\"]",
      "instances": [
        {
          "schema_version": 0,
          "attributes": {
            "filename": null,
            "id": "ecceb4b8a9f00c43ee6fd46b12dbc6bb87cfe43d10ac384533a23b9789abb908",
            "rendered": "#!/bin/bash\r\nset -e\r\n\r\ncd /home/ubuntu\r\n\r\n# curl -O https://raw.githubusercontent.com/angristan/openvpn-install/master/openvpn-install.sh\r\n# chmod +x openvpn-install.sh\r\n\r\n# ./openvpn-install.sh\r\n\r\necho \"***************** apt-get update *****************\"\r\nsudo apt-get update\r\nsudo apt-get upgrade -y\r\nsleep 5\r\n\r\n# echo \"***************** Install AWS tools agent *****************\"\r\n# sudo apt-get install ec2-api-tools wget xmlstarlet moreutils jq apt-transport-https software-properties-common \\\r\n#    ca-certificates dos2unix \\\r\n#    curl \\\r\n#    gnupg \\\r\n#    lsb-release -y\r\n\r\n# install unzip\r\necho \"***************** Install unzip *****************\"\r\nsudo apt-get install unzip zip -y\r\nsleep 5\r\n\r\n# Install AWSCLI\r\necho \"***************** Install AWS CLI *****************\"\r\nsudo curl \"https://awscli.amazonaws.com/awscli-exe-linux-x86_64.zip\" -o \"awscliv2.zip\"\r\nsudo unzip awscliv2.zip\r\nsudo ./aws/install\r\nsleep 5\r\n\r\naws sts get-caller-identity\r\n\r\naws eks --region ap-south-1 update-kubeconfig --name artemis-eks-cluster\r\n\r\nsudo snap install kubectl --classic\r\n\r\n# aws eks update-kubeconfig \\\r\n#     --region ap-south-1 \\\r\n#     --name artemis-eks-cluster \\\r\n#     --role-arn arn:aws:iam::821069297469:role/devopsthehardway-eks-iam-role\r\n\r\n\r\n#export AWS_DEFAULT_PROFILE=    ",
            "template": "#!/bin/bash\r\nset -e\r\n\r\ncd /home/ubuntu\r\n\r\n# curl -O https://raw.githubusercontent.com/angristan/openvpn-install/master/openvpn-install.sh\r\n# chmod +x openvpn-install.sh\r\n\r\n# ./openvpn-install.sh\r\n\r\necho \"***************** apt-get update *****************\"\r\nsudo apt-get update\r\nsudo apt-get upgrade -y\r\nsleep 5\r\n\r\n# echo \"***************** Install AWS tools agent *****************\"\r\n# sudo apt-get install ec2-api-tools wget xmlstarlet moreutils jq apt-transport-https software-properties-common \\\r\n#    ca-certificates dos2unix \\\r\n#    curl \\\r\n#    gnupg \\\r\n#    lsb-release -y\r\n\r\n# install unzip\r\necho \"***************** Install unzip *****************\"\r\nsudo apt-get install unzip zip -y\r\nsleep 5\r\n\r\n# Install AWSCLI\r\necho \"***************** Install AWS CLI *****************\"\r\nsudo curl \"https://awscli.amazonaws.com/awscli-exe-linux-x86_64.zip\" -o \"awscliv2.zip\"\r\nsudo unzip awscliv2.zip\r\nsudo ./aws/install\r\nsleep 5\r\n\r\naws sts get-caller-identity\r\n\r\naws eks --region ${REGION} update-kubeconfig --name ${ENV}-eks-cluster\r\n\r\nsudo snap install kubectl --classic\r\n\r\n# aws eks update-kubeconfig \\\r\n#     --region ${REGION} \\\r\n#     --name ${ENV}-eks-cluster \\\r\n#     --role-arn arn:aws:iam::821069297469:role/devopsthehardway-eks-iam-role\r\n\r\n\r\n#export AWS_DEFAULT_PROFILE=    ",
            "vars": {
              "ENV": "artemis",
              "REGION": "ap-south-1"
            }
          },
          "sensitive_attributes": []
        }
      ]
    },
    {
      "module": "module.compute",
      "mode": "managed",
      "type": "aws_instance",
      "name": "app",
      "provider": "provider[\"registry.terraform.io/hashicorp/aws\"]",
      "instances": [
        {
          "schema_version": 1,
          "attributes": {
            "ami": "ami-0caf778a172362f1c",
            "arn": "arn:aws:ec2:ap-south-1:682800314838:instance/i-0266813558cd06ba5",
            "associate_public_ip_address": false,
            "availability_zone": "ap-south-1a",
            "capacity_reservation_specification": [
              {
                "capacity_reservation_preference": "open",
                "capacity_reservation_target": []
              }
            ],
            "cpu_core_count": 1,
            "cpu_threads_per_core": 2,
            "credit_specification": [
              {
                "cpu_credits": "unlimited"
              }
            ],
            "disable_api_stop": false,
            "disable_api_termination": false,
            "ebs_block_device": [],
            "ebs_optimized": false,
            "enclave_options": [
              {
                "enabled": false
              }
            ],
            "ephemeral_block_device": [],
            "get_password_data": false,
            "hibernation": false,
            "host_id": "",
            "host_resource_group_arn": null,
            "iam_instance_profile": "ec2-profile",
            "id": "i-0266813558cd06ba5",
            "instance_initiated_shutdown_behavior": "stop",
            "instance_state": "running",
            "instance_type": "t3a.medium",
            "ipv6_address_count": 0,
            "ipv6_addresses": [],
            "key_name": "artemis-key",
            "launch_template": [],
            "maintenance_options": [
              {
                "auto_recovery": "default"
              }
            ],
            "metadata_options": [
              {
                "http_endpoint": "enabled",
                "http_put_response_hop_limit": 1,
                "http_tokens": "optional",
                "instance_metadata_tags": "disabled"
              }
            ],
            "monitoring": false,
            "network_interface": [],
            "outpost_arn": "",
            "password_data": "",
            "placement_group": "",
            "placement_partition_number": 0,
            "primary_network_interface_id": "eni-0ece46733e726737f",
            "private_dns": "ip-10-0-146-216.ap-south-1.compute.internal",
            "private_dns_name_options": [
              {
                "enable_resource_name_dns_a_record": false,
                "enable_resource_name_dns_aaaa_record": false,
                "hostname_type": "ip-name"
              }
            ],
            "private_ip": "10.0.146.216",
            "public_dns": "",
            "public_ip": "",
            "root_block_device": [
              {
                "delete_on_termination": true,
                "device_name": "/dev/sda1",
                "encrypted": false,
                "iops": 100,
                "kms_key_id": "",
                "tags": {},
                "throughput": 0,
                "volume_id": "vol-0e1ba519e7925a47c",
                "volume_size": 8,
                "volume_type": "gp2"
              }
            ],
            "secondary_private_ips": [],
            "security_groups": [],
            "source_dest_check": true,
            "subnet_id": "subnet-05376cf82f633556d",
            "tags": {
              "Name": "artemis-jenkins"
            },
            "tags_all": {
              "Name": "artemis-jenkins"
            },
            "tenancy": "default",
            "timeouts": null,
            "user_data": "125b38390bd6a555aec6d9de917767baeacd48a2",
            "user_data_base64": null,
            "user_data_replace_on_change": false,
            "volume_tags": null,
            "vpc_security_group_ids": [
              "sg-01da0972789b67ea6"
            ]
          },
          "sensitive_attributes": [],
          "private": "eyJlMmJmYjczMC1lY2FhLTExZTYtOGY4OC0zNDM2M2JjN2M0YzAiOnsiY3JlYXRlIjo2MDAwMDAwMDAwMDAsImRlbGV0ZSI6MTIwMDAwMDAwMDAwMCwidXBkYXRlIjo2MDAwMDAwMDAwMDB9LCJzY2hlbWFfdmVyc2lvbiI6IjEifQ==",
          "dependencies": [
            "module.compute.data.template_file.jenkins",
            "module.iam.aws_iam_instance_profile.ec2-profile",
            "module.iam.aws_iam_role.ec2_access_role",
            "module.my_subnet.aws_subnet.private",
            "module.my_subnet.data.aws_availability_zones.available",
            "module.my_vpc.aws_vpc.main",
            "module.secret.aws_key_pair.kp",
            "module.secret.aws_secretsmanager_secret.secret",
            "module.secret.aws_secretsmanager_secret_version.secret_version",
            "module.secret.tls_private_key.pk",
            "module.sg.aws_security_group.main"
          ]
        }
      ]
    },
    {
      "module": "module.compute",
      "mode": "managed",
      "type": "aws_instance",
      "name": "bastion",
      "provider": "provider[\"registry.terraform.io/hashicorp/aws\"]",
      "instances": [
        {
          "schema_version": 1,
          "attributes": {
            "ami": "ami-0caf778a172362f1c",
            "arn": "arn:aws:ec2:ap-south-1:682800314838:instance/i-0be86efe94d814668",
            "associate_public_ip_address": true,
            "availability_zone": "ap-south-1a",
            "capacity_reservation_specification": [
              {
                "capacity_reservation_preference": "open",
                "capacity_reservation_target": []
              }
            ],
            "cpu_core_count": 1,
            "cpu_threads_per_core": 2,
            "credit_specification": [
              {
                "cpu_credits": "unlimited"
              }
            ],
            "disable_api_stop": false,
            "disable_api_termination": false,
            "ebs_block_device": [],
            "ebs_optimized": false,
            "enclave_options": [
              {
                "enabled": false
              }
            ],
            "ephemeral_block_device": [],
            "get_password_data": false,
            "hibernation": false,
            "host_id": "",
            "host_resource_group_arn": null,
            "iam_instance_profile": "ec2-profile",
            "id": "i-0be86efe94d814668",
            "instance_initiated_shutdown_behavior": "stop",
            "instance_state": "running",
            "instance_type": "t3a.small",
            "ipv6_address_count": 0,
            "ipv6_addresses": [],
            "key_name": "artemis-key",
            "launch_template": [],
            "maintenance_options": [
              {
                "auto_recovery": "default"
              }
            ],
            "metadata_options": [
              {
                "http_endpoint": "enabled",
                "http_put_response_hop_limit": 1,
                "http_tokens": "optional",
                "instance_metadata_tags": "disabled"
              }
            ],
            "monitoring": false,
            "network_interface": [],
            "outpost_arn": "",
            "password_data": "",
            "placement_group": "",
            "placement_partition_number": 0,
            "primary_network_interface_id": "eni-0168051dae46344d9",
            "private_dns": "ip-10-0-31-122.ap-south-1.compute.internal",
            "private_dns_name_options": [
              {
                "enable_resource_name_dns_a_record": false,
                "enable_resource_name_dns_aaaa_record": false,
                "hostname_type": "ip-name"
              }
            ],
            "private_ip": "10.0.31.122",
            "public_dns": "",
            "public_ip": "13.235.50.209",
            "root_block_device": [
              {
                "delete_on_termination": true,
                "device_name": "/dev/sda1",
                "encrypted": false,
                "iops": 100,
                "kms_key_id": "",
                "tags": {},
                "throughput": 0,
                "volume_id": "vol-01a334d3f4e86b031",
                "volume_size": 8,
                "volume_type": "gp2"
              }
            ],
            "secondary_private_ips": [],
            "security_groups": [],
            "source_dest_check": true,
            "subnet_id": "subnet-0553626e46917f50d",
            "tags": {
              "Name": "artemis-jump-server"
            },
            "tags_all": {
              "Name": "artemis-jump-server"
            },
            "tenancy": "default",
            "timeouts": null,
            "user_data": "2b9b094159ddbfc3a9f675334813f83314c02432",
            "user_data_base64": null,
            "user_data_replace_on_change": false,
            "volume_tags": null,
            "vpc_security_group_ids": [
              "sg-01da0972789b67ea6"
            ]
          },
          "sensitive_attributes": [],
          "private": "eyJlMmJmYjczMC1lY2FhLTExZTYtOGY4OC0zNDM2M2JjN2M0YzAiOnsiY3JlYXRlIjo2MDAwMDAwMDAwMDAsImRlbGV0ZSI6MTIwMDAwMDAwMDAwMCwidXBkYXRlIjo2MDAwMDAwMDAwMDB9LCJzY2hlbWFfdmVyc2lvbiI6IjEifQ==",
          "dependencies": [
            "module.compute.data.template_file.jump-server",
            "module.iam.aws_iam_instance_profile.ec2-profile",
            "module.iam.aws_iam_role.ec2_access_role",
            "module.my_subnet.aws_subnet.public",
            "module.my_subnet.data.aws_availability_zones.available",
            "module.my_vpc.aws_vpc.main",
            "module.secret.aws_key_pair.kp",
            "module.secret.aws_secretsmanager_secret.secret",
            "module.secret.aws_secretsmanager_secret_version.secret_version",
            "module.secret.tls_private_key.pk",
            "module.sg.aws_security_group.main"
          ]
        }
      ]
    },
    {
      "module": "module.eks",
      "mode": "managed",
      "type": "aws_eks_cluster",
      "name": "eks",
      "provider": "provider[\"registry.terraform.io/hashicorp/aws\"]",
      "instances": [
        {
          "schema_version": 0,
          "attributes": {
            "arn": "arn:aws:eks:ap-south-1:682800314838:cluster/artemis-eks-cluster",
            "certificate_authority": [
              {
                "data": "LS0tLS1CRUdJTiBDRVJUSUZJQ0FURS0tLS0tCk1JSUMvakNDQWVhZ0F3SUJBZ0lCQURBTkJna3Foa2lHOXcwQkFRc0ZBREFWTVJNd0VRWURWUVFERXdwcmRXSmwKY201bGRHVnpNQjRYRFRJek1ETXlOakV5TkRRMU5Gb1hEVE16TURNeU16RXlORFExTkZvd0ZURVRNQkVHQTFVRQpBeE1LYTNWaVpYSnVaWFJsY3pDQ0FTSXdEUVlKS29aSWh2Y05BUUVCQlFBRGdnRVBBRENDQVFvQ2dnRUJBTHczCkVXU3UzSkpRb0NyeElJL3Btb1VBYmNjYVBRYWF3aTRlVFE3RG5kMjdMYXlveWZUTi9neHdkN1pkcTQ4Qzl3dVEKazNHQmdXenZTQ21sM2RhRjBhMngrZm9iTXQ0Znp1T2tueUxudVRJMkNvMFJvdmkzSVB4TEJGbm0rQm4wdGlOagpBdUM5Z1FmMTNHeng0WThhcXcrdVlsOEJUMW9VUlRKMzN4L3pHRHR4b2VydDJva1NMWno1SXVRb25JMExqZmFECkdzbGd1Uko3RkxyODZJOFlNdGtNZTJwT0VqcTRwY0ZLRkNkZmE3RzRiaDVGb1lqZkcvY2piS2JjNmxWa214VnEKMWJjaDZmTngrc1prU0EzUk1DU09ac1owMk94cGhCS0NiSkR2NkdQY2JZeGZWNjlFQmFRKzVHV3pEOGxqSGNDYgpKNzZwUytMdHhpczJrZ2hlQnUwQ0F3RUFBYU5aTUZjd0RnWURWUjBQQVFIL0JBUURBZ0trTUE4R0ExVWRFd0VCCi93UUZNQU1CQWY4d0hRWURWUjBPQkJZRUZMdWhhaWRWTTV0ZnlRRHR3ZmtBY0xUOCttVUlNQlVHQTFVZEVRUU8KTUF5Q0NtdDFZbVZ5Ym1WMFpYTXdEUVlKS29aSWh2Y05BUUVMQlFBRGdnRUJBRDRPbk9XS2xlWDh0VnNVc3dqNAo4bVRUdTB0SHE2VktpMUFNUmhhSVRaa0xBc1dOeEtSVzdiSkZsVHYxZDdGV1g4N1JNamhycVdIRHRuaWNudFJiCko4KzdldDdZN2tkcFBPcGlOUTQrUE8vRkp0L3dibDlnSlVvTzBxTFpienYxbU1WaS9IZE5rZ2x3YUxvR29IUUMKdmZYcVZmOGcydWF6ZldjeXFKRWlMSnp6SW00QVBiaTR3NERPeElHeGdra3dudkZ3aVRlK3lnZ3VrZEtTazBvRApUaE5yT1NDSzUzRWFsK3VOZnRkWFU2cWlodUoxMExyanhHRU82aFQxb09TeXZhMnBpRzlWNVJDdmRNUVFSSWF0CmFEbzdsdkd6VG9hUkFjWmgvRXN2N2lFQmJaMlE0TjVmZi9NVnRoaC9lVUN6aURZMG8wTld6Z2xXTTlGeDhCc04KN0lJPQotLS0tLUVORCBDRVJUSUZJQ0FURS0tLS0tCg=="
              }
            ],
            "cluster_id": null,
            "created_at": "2023-03-26 12:39:25.662 +0000 UTC",
            "enabled_cluster_log_types": [],
            "encryption_config": [],
            "endpoint": "https://16BDFB05B9FB67133FCAAA9595ED91A9.gr7.ap-south-1.eks.amazonaws.com",
            "id": "artemis-eks-cluster",
            "identity": [
              {
                "oidc": [
                  {
                    "issuer": "https://oidc.eks.ap-south-1.amazonaws.com/id/16BDFB05B9FB67133FCAAA9595ED91A9"
                  }
                ]
              }
            ],
            "kubernetes_network_config": [
              {
                "ip_family": "ipv4",
                "service_ipv4_cidr": "172.20.0.0/16",
                "service_ipv6_cidr": ""
              }
            ],
            "name": "artemis-eks-cluster",
            "outpost_config": [],
            "platform_version": "eks.1",
            "role_arn": "arn:aws:iam::682800314838:role/artemis-Cluster-Role",
            "status": "ACTIVE",
            "tags": {},
            "tags_all": {},
            "timeouts": null,
            "version": "1.25",
            "vpc_config": [
              {
                "cluster_security_group_id": "sg-0ff11a04fd8139178",
                "endpoint_private_access": false,
                "endpoint_public_access": true,
                "public_access_cidrs": [
                  "0.0.0.0/0"
                ],
                "security_group_ids": [],
                "subnet_ids": [
                  "subnet-004beb94d990adaac",
                  "subnet-05376cf82f633556d",
                  "subnet-0cbc29e4e27bf68fb"
                ],
                "vpc_id": "vpc-0c8322b9874d1dc65"
              }
            ]
          },
          "sensitive_attributes": [],
          "private": "eyJlMmJmYjczMC1lY2FhLTExZTYtOGY4OC0zNDM2M2JjN2M0YzAiOnsiY3JlYXRlIjoxODAwMDAwMDAwMDAwLCJkZWxldGUiOjkwMDAwMDAwMDAwMCwidXBkYXRlIjozNjAwMDAwMDAwMDAwfX0=",
          "dependencies": [
            "module.compute.aws_instance.app",
            "module.compute.aws_instance.bastion",
            "module.compute.data.template_file.jenkins",
            "module.compute.data.template_file.jump-server",
            "module.eks.aws_iam_role.eks-iam-role",
            "module.iam.aws_iam_instance_profile.ec2-profile",
            "module.iam.aws_iam_policy.policy",
            "module.iam.aws_iam_policy_attachment.ec2-attach",
            "module.iam.aws_iam_role.ec2_access_role",
            "module.my_igw.aws_internet_gateway.main",
            "module.my_ngw.aws_eip.main",
            "module.my_ngw.aws_nat_gateway.main",
            "module.my_subnet.aws_main_route_table_association.b",
            "module.my_subnet.aws_route_table.igw",
            "module.my_subnet.aws_route_table.main",
            "module.my_subnet.aws_route_table_association.a",
            "module.my_subnet.aws_subnet.private",
            "module.my_subnet.aws_subnet.public",
            "module.my_subnet.data.aws_availability_zones.available",
            "module.my_subnet.data.aws_subnet_ids.private",
            "module.my_vpc.aws_vpc.main",
            "module.secret.aws_key_pair.kp",
            "module.secret.aws_secretsmanager_secret.secret",
            "module.secret.aws_secretsmanager_secret_version.secret_version",
            "module.secret.tls_private_key.pk",
            "module.sg.aws_security_group.main",
            "module.sg.aws_security_group_rule.public_egress",
            "module.sg.aws_security_group_rule.public_rules"
          ]
        }
      ]
    },
    {
      "module": "module.eks",
      "mode": "managed",
      "type": "aws_eks_node_group",
      "name": "worker-node-group",
      "provider": "provider[\"registry.terraform.io/hashicorp/aws\"]",
      "instances": [
        {
          "schema_version": 0,
          "attributes": {
            "ami_type": "AL2_x86_64",
            "arn": "arn:aws:eks:ap-south-1:682800314838:nodegroup/artemis-eks-cluster/artemis-workernodes/5ec38efb-a3c3-f74e-9171-e73e74ca174e",
            "capacity_type": "ON_DEMAND",
            "cluster_name": "artemis-eks-cluster",
            "disk_size": 0,
            "force_update_version": null,
            "id": "artemis-eks-cluster:artemis-workernodes",
            "instance_types": [],
            "labels": {},
            "launch_template": [
              {
                "id": "lt-09ee1aa561c850dab",
                "name": "artemis-launch-template",
                "version": "1"
              }
            ],
            "node_group_name": "artemis-workernodes",
            "node_group_name_prefix": "",
            "node_role_arn": "arn:aws:iam::682800314838:role/artemis-workernode-role",
            "release_version": "1.25.6-20230304",
            "remote_access": [],
            "resources": [
              {
                "autoscaling_groups": [
                  {
                    "name": "eks-artemis-workernodes-5ec38efb-a3c3-f74e-9171-e73e74ca174e"
                  }
                ],
                "remote_access_security_group_id": ""
              }
            ],
            "scaling_config": [
              {
                "desired_size": 1,
                "max_size": 2,
                "min_size": 1
              }
            ],
            "status": "ACTIVE",
            "subnet_ids": [
              "subnet-004beb94d990adaac",
              "subnet-05376cf82f633556d",
              "subnet-0cbc29e4e27bf68fb"
            ],
            "tags": {},
            "tags_all": {},
            "taint": [],
            "timeouts": null,
            "update_config": [
              {
                "max_unavailable": 1,
                "max_unavailable_percentage": 0
              }
            ],
            "version": "1.25"
          },
          "sensitive_attributes": [],
          "private": "eyJlMmJmYjczMC1lY2FhLTExZTYtOGY4OC0zNDM2M2JjN2M0YzAiOnsiY3JlYXRlIjozNjAwMDAwMDAwMDAwLCJkZWxldGUiOjM2MDAwMDAwMDAwMDAsInVwZGF0ZSI6MzYwMDAwMDAwMDAwMH19",
          "dependencies": [
            "module.compute.aws_instance.app",
            "module.compute.aws_instance.bastion",
            "module.compute.data.template_file.jenkins",
            "module.compute.data.template_file.jump-server",
            "module.eks.aws_eks_cluster.eks",
            "module.eks.aws_iam_role.eks-iam-role",
            "module.eks.aws_iam_role.workernodes",
            "module.eks.aws_iam_role_policy_attachment.AmazonEKSWorkerNodePolicy",
            "module.eks.aws_iam_role_policy_attachment.AmazonEKS_CNI_Policy",
            "module.eks.aws_launch_template.your_eks_launch_template",
            "module.iam.aws_iam_instance_profile.ec2-profile",
            "module.iam.aws_iam_policy.policy",
            "module.iam.aws_iam_policy_attachment.ec2-attach",
            "module.iam.aws_iam_role.ec2_access_role",
            "module.my_igw.aws_internet_gateway.main",
            "module.my_ngw.aws_eip.main",
            "module.my_ngw.aws_nat_gateway.main",
            "module.my_subnet.aws_main_route_table_association.b",
            "module.my_subnet.aws_route_table.igw",
            "module.my_subnet.aws_route_table.main",
            "module.my_subnet.aws_route_table_association.a",
            "module.my_subnet.aws_subnet.private",
            "module.my_subnet.aws_subnet.public",
            "module.my_subnet.data.aws_availability_zones.available",
            "module.my_subnet.data.aws_subnet_ids.private",
            "module.my_vpc.aws_vpc.main",
            "module.secret.aws_key_pair.kp",
            "module.secret.aws_secretsmanager_secret.secret",
            "module.secret.aws_secretsmanager_secret_version.secret_version",
            "module.secret.tls_private_key.pk",
            "module.sg.aws_security_group.main",
            "module.sg.aws_security_group_rule.public_egress",
            "module.sg.aws_security_group_rule.public_rules"
          ]
        }
      ]
    },
    {
      "module": "module.eks",
      "mode": "managed",
      "type": "aws_iam_role",
      "name": "eks-iam-role",
      "provider": "provider[\"registry.terraform.io/hashicorp/aws\"]",
      "instances": [
        {
          "schema_version": 0,
          "attributes": {
            "arn": "arn:aws:iam::682800314838:role/artemis-Cluster-Role",
            "assume_role_policy": "{\"Statement\":[{\"Action\":\"sts:AssumeRole\",\"Effect\":\"Allow\",\"Principal\":{\"Service\":\"eks.amazonaws.com\"}}],\"Version\":\"2012-10-17\"}",
            "create_date": "2023-03-26T12:39:22Z",
            "description": "",
            "force_detach_policies": false,
            "id": "artemis-Cluster-Role",
            "inline_policy": [],
            "managed_policy_arns": [
              "arn:aws:iam::aws:policy/AmazonEC2ContainerRegistryReadOnly",
              "arn:aws:iam::aws:policy/AmazonEKSClusterPolicy"
            ],
            "max_session_duration": 3600,
            "name": "artemis-Cluster-Role",
            "name_prefix": "",
            "path": "/",
            "permissions_boundary": null,
            "tags": {},
            "tags_all": {},
            "unique_id": "AROAZ56QR7HLMV7AWYD4D"
          },
          "sensitive_attributes": [],
          "private": "bnVsbA==",
          "dependencies": [
            "module.compute.aws_instance.app",
            "module.compute.aws_instance.bastion",
            "module.compute.data.template_file.jenkins",
            "module.compute.data.template_file.jump-server",
            "module.iam.aws_iam_instance_profile.ec2-profile",
            "module.iam.aws_iam_policy.policy",
            "module.iam.aws_iam_policy_attachment.ec2-attach",
            "module.iam.aws_iam_role.ec2_access_role",
            "module.my_igw.aws_internet_gateway.main",
            "module.my_ngw.aws_eip.main",
            "module.my_ngw.aws_nat_gateway.main",
            "module.my_subnet.aws_main_route_table_association.b",
            "module.my_subnet.aws_route_table.igw",
            "module.my_subnet.aws_route_table.main",
            "module.my_subnet.aws_route_table_association.a",
            "module.my_subnet.aws_subnet.private",
            "module.my_subnet.aws_subnet.public",
            "module.my_subnet.data.aws_availability_zones.available",
            "module.my_subnet.data.aws_subnet_ids.private",
            "module.my_vpc.aws_vpc.main",
            "module.secret.aws_key_pair.kp",
            "module.secret.aws_secretsmanager_secret.secret",
            "module.secret.aws_secretsmanager_secret_version.secret_version",
            "module.secret.tls_private_key.pk",
            "module.sg.aws_security_group.main",
            "module.sg.aws_security_group_rule.public_egress",
            "module.sg.aws_security_group_rule.public_rules"
          ]
        }
      ]
    },
    {
      "module": "module.eks",
      "mode": "managed",
      "type": "aws_iam_role",
      "name": "workernodes",
      "provider": "provider[\"registry.terraform.io/hashicorp/aws\"]",
      "instances": [
        {
          "schema_version": 0,
          "attributes": {
            "arn": "arn:aws:iam::682800314838:role/artemis-workernode-role",
            "assume_role_policy": "{\"Statement\":[{\"Action\":\"sts:AssumeRole\",\"Effect\":\"Allow\",\"Principal\":{\"Service\":\"ec2.amazonaws.com\"}}],\"Version\":\"2012-10-17\"}",
            "create_date": "2023-03-26T12:39:22Z",
            "description": "",
            "force_detach_policies": false,
            "id": "artemis-workernode-role",
            "inline_policy": [],
            "managed_policy_arns": [
              "arn:aws:iam::aws:policy/AmazonEC2ContainerRegistryReadOnly",
              "arn:aws:iam::aws:policy/AmazonEKSWorkerNodePolicy",
              "arn:aws:iam::aws:policy/AmazonEKS_CNI_Policy",
              "arn:aws:iam::aws:policy/EC2InstanceProfileForImageBuilderECRContainerBuilds"
            ],
            "max_session_duration": 3600,
            "name": "artemis-workernode-role",
            "name_prefix": "",
            "path": "/",
            "permissions_boundary": null,
            "tags": {},
            "tags_all": {},
            "unique_id": "AROAZ56QR7HLB6MHSKXON"
          },
          "sensitive_attributes": [],
          "private": "bnVsbA==",
          "dependencies": [
            "module.compute.aws_instance.app",
            "module.compute.aws_instance.bastion",
            "module.compute.data.template_file.jenkins",
            "module.compute.data.template_file.jump-server",
            "module.iam.aws_iam_instance_profile.ec2-profile",
            "module.iam.aws_iam_policy.policy",
            "module.iam.aws_iam_policy_attachment.ec2-attach",
            "module.iam.aws_iam_role.ec2_access_role",
            "module.my_igw.aws_internet_gateway.main",
            "module.my_ngw.aws_eip.main",
            "module.my_ngw.aws_nat_gateway.main",
            "module.my_subnet.aws_main_route_table_association.b",
            "module.my_subnet.aws_route_table.igw",
            "module.my_subnet.aws_route_table.main",
            "module.my_subnet.aws_route_table_association.a",
            "module.my_subnet.aws_subnet.private",
            "module.my_subnet.aws_subnet.public",
            "module.my_subnet.data.aws_availability_zones.available",
            "module.my_subnet.data.aws_subnet_ids.private",
            "module.my_vpc.aws_vpc.main",
            "module.secret.aws_key_pair.kp",
            "module.secret.aws_secretsmanager_secret.secret",
            "module.secret.aws_secretsmanager_secret_version.secret_version",
            "module.secret.tls_private_key.pk",
            "module.sg.aws_security_group.main",
            "module.sg.aws_security_group_rule.public_egress",
            "module.sg.aws_security_group_rule.public_rules"
          ]
        }
      ]
    },
    {
      "module": "module.eks",
      "mode": "managed",
      "type": "aws_iam_role_policy_attachment",
      "name": "AmazonEKSWorkerNodePolicy",
      "provider": "provider[\"registry.terraform.io/hashicorp/aws\"]",
      "instances": [
        {
          "schema_version": 0,
          "attributes": {
            "id": "artemis-workernode-role-20230326123924768400000008",
            "policy_arn": "arn:aws:iam::aws:policy/AmazonEKSWorkerNodePolicy",
            "role": "artemis-workernode-role"
          },
          "sensitive_attributes": [],
          "private": "bnVsbA==",
          "dependencies": [
            "module.compute.aws_instance.app",
            "module.compute.aws_instance.bastion",
            "module.compute.data.template_file.jenkins",
            "module.compute.data.template_file.jump-server",
            "module.eks.aws_iam_role.workernodes",
            "module.iam.aws_iam_instance_profile.ec2-profile",
            "module.iam.aws_iam_policy.policy",
            "module.iam.aws_iam_policy_attachment.ec2-attach",
            "module.iam.aws_iam_role.ec2_access_role",
            "module.my_igw.aws_internet_gateway.main",
            "module.my_ngw.aws_eip.main",
            "module.my_ngw.aws_nat_gateway.main",
            "module.my_subnet.aws_main_route_table_association.b",
            "module.my_subnet.aws_route_table.igw",
            "module.my_subnet.aws_route_table.main",
            "module.my_subnet.aws_route_table_association.a",
            "module.my_subnet.aws_subnet.private",
            "module.my_subnet.aws_subnet.public",
            "module.my_subnet.data.aws_availability_zones.available",
            "module.my_subnet.data.aws_subnet_ids.private",
            "module.my_vpc.aws_vpc.main",
            "module.secret.aws_key_pair.kp",
            "module.secret.aws_secretsmanager_secret.secret",
            "module.secret.aws_secretsmanager_secret_version.secret_version",
            "module.secret.tls_private_key.pk",
            "module.sg.aws_security_group.main",
            "module.sg.aws_security_group_rule.public_egress",
            "module.sg.aws_security_group_rule.public_rules"
          ]
        }
      ]
    },
    {
      "module": "module.eks",
      "mode": "managed",
      "type": "aws_iam_role_policy_attachment",
      "name": "AmazonEKS_CNI_Policy",
      "provider": "provider[\"registry.terraform.io/hashicorp/aws\"]",
      "instances": [
        {
          "schema_version": 0,
          "attributes": {
            "id": "artemis-workernode-role-20230326123924428000000006",
            "policy_arn": "arn:aws:iam::aws:policy/AmazonEKS_CNI_Policy",
            "role": "artemis-workernode-role"
          },
          "sensitive_attributes": [],
          "private": "bnVsbA==",
          "dependencies": [
            "module.compute.aws_instance.app",
            "module.compute.aws_instance.bastion",
            "module.compute.data.template_file.jenkins",
            "module.compute.data.template_file.jump-server",
            "module.eks.aws_iam_role.workernodes",
            "module.iam.aws_iam_instance_profile.ec2-profile",
            "module.iam.aws_iam_policy.policy",
            "module.iam.aws_iam_policy_attachment.ec2-attach",
            "module.iam.aws_iam_role.ec2_access_role",
            "module.my_igw.aws_internet_gateway.main",
            "module.my_ngw.aws_eip.main",
            "module.my_ngw.aws_nat_gateway.main",
            "module.my_subnet.aws_main_route_table_association.b",
            "module.my_subnet.aws_route_table.igw",
            "module.my_subnet.aws_route_table.main",
            "module.my_subnet.aws_route_table_association.a",
            "module.my_subnet.aws_subnet.private",
            "module.my_subnet.aws_subnet.public",
            "module.my_subnet.data.aws_availability_zones.available",
            "module.my_subnet.data.aws_subnet_ids.private",
            "module.my_vpc.aws_vpc.main",
            "module.secret.aws_key_pair.kp",
            "module.secret.aws_secretsmanager_secret.secret",
            "module.secret.aws_secretsmanager_secret_version.secret_version",
            "module.secret.tls_private_key.pk",
            "module.sg.aws_security_group.main",
            "module.sg.aws_security_group_rule.public_egress",
            "module.sg.aws_security_group_rule.public_rules"
          ]
        }
      ]
    },
    {
      "module": "module.eks",
      "mode": "managed",
      "type": "aws_launch_template",
      "name": "your_eks_launch_template",
      "provider": "provider[\"registry.terraform.io/hashicorp/aws\"]",
      "instances": [
        {
          "schema_version": 0,
          "attributes": {
            "arn": "arn:aws:ec2:ap-south-1:682800314838:launch-template/lt-09ee1aa561c850dab",
            "block_device_mappings": [
              {
                "device_name": "/dev/xvda",
                "ebs": [
                  {
                    "delete_on_termination": "",
                    "encrypted": "",
                    "iops": 0,
                    "kms_key_id": "",
                    "snapshot_id": "",
                    "throughput": 0,
                    "volume_size": 10,
                    "volume_type": "gp2"
                  }
                ],
                "no_device": "",
                "virtual_name": ""
              }
            ],
            "capacity_reservation_specification": [],
            "cpu_options": [],
            "credit_specification": [],
            "default_version": 1,
            "description": "",
            "disable_api_stop": false,
            "disable_api_termination": false,
            "ebs_optimized": "",
            "elastic_gpu_specifications": [],
            "elastic_inference_accelerator": [],
            "enclave_options": [],
            "hibernation_options": [],
            "iam_instance_profile": [],
            "id": "lt-09ee1aa561c850dab",
            "image_id": "",
            "instance_initiated_shutdown_behavior": "",
            "instance_market_options": [],
            "instance_requirements": [],
            "instance_type": "t3a.small",
            "kernel_id": "",
            "key_name": "",
            "latest_version": 1,
            "license_specification": [],
            "maintenance_options": [],
            "metadata_options": [],
            "monitoring": [],
            "name": "artemis-launch-template",
            "name_prefix": "",
            "network_interfaces": [
              {
                "associate_carrier_ip_address": "",
                "associate_public_ip_address": "false",
                "delete_on_termination": "",
                "description": "",
                "device_index": 0,
                "interface_type": "",
                "ipv4_address_count": 0,
                "ipv4_addresses": [],
                "ipv4_prefix_count": 0,
                "ipv4_prefixes": [],
                "ipv6_address_count": 0,
                "ipv6_addresses": [],
                "ipv6_prefix_count": 0,
                "ipv6_prefixes": [],
                "network_card_index": 0,
                "network_interface_id": "",
                "private_ip_address": "",
                "security_groups": [],
                "subnet_id": ""
              }
            ],
            "placement": [],
            "private_dns_name_options": [],
            "ram_disk_id": "",
            "security_group_names": [],
            "tag_specifications": [
              {
                "resource_type": "instance",
                "tags": {
                  "Name": "artemis-EKS-MANAGED-NODE"
                }
              }
            ],
            "tags": {},
            "tags_all": {},
            "update_default_version": null,
            "user_data": "",
            "vpc_security_group_ids": []
          },
          "sensitive_attributes": [],
          "private": "bnVsbA==",
          "dependencies": [
            "module.compute.aws_instance.app",
            "module.compute.aws_instance.bastion",
            "module.compute.data.template_file.jenkins",
            "module.compute.data.template_file.jump-server",
            "module.iam.aws_iam_instance_profile.ec2-profile",
            "module.iam.aws_iam_policy.policy",
            "module.iam.aws_iam_policy_attachment.ec2-attach",
            "module.iam.aws_iam_role.ec2_access_role",
            "module.my_igw.aws_internet_gateway.main",
            "module.my_ngw.aws_eip.main",
            "module.my_ngw.aws_nat_gateway.main",
            "module.my_subnet.aws_main_route_table_association.b",
            "module.my_subnet.aws_route_table.igw",
            "module.my_subnet.aws_route_table.main",
            "module.my_subnet.aws_route_table_association.a",
            "module.my_subnet.aws_subnet.private",
            "module.my_subnet.aws_subnet.public",
            "module.my_subnet.data.aws_availability_zones.available",
            "module.my_subnet.data.aws_subnet_ids.private",
            "module.my_vpc.aws_vpc.main",
            "module.secret.aws_key_pair.kp",
            "module.secret.aws_secretsmanager_secret.secret",
            "module.secret.aws_secretsmanager_secret_version.secret_version",
            "module.secret.tls_private_key.pk",
            "module.sg.aws_security_group.main",
            "module.sg.aws_security_group_rule.public_egress",
            "module.sg.aws_security_group_rule.public_rules"
          ]
        }
      ]
    },
    {
      "module": "module.iam",
      "mode": "managed",
      "type": "aws_iam_instance_profile",
      "name": "ec2-profile",
      "provider": "provider[\"registry.terraform.io/hashicorp/aws\"]",
      "instances": [
        {
          "schema_version": 0,
          "attributes": {
            "arn": "arn:aws:iam::682800314838:instance-profile/ec2-profile",
            "create_date": "2023-03-26T12:37:15Z",
            "id": "ec2-profile",
            "name": "ec2-profile",
            "name_prefix": null,
            "path": "/",
            "role": "ec2_role",
            "tags": {},
            "tags_all": {},
            "unique_id": "AIPAZ56QR7HLCRPUYRXJQ"
          },
          "sensitive_attributes": [],
          "private": "bnVsbA==",
          "dependencies": [
            "module.iam.aws_iam_role.ec2_access_role"
          ]
        }
      ]
    },
    {
      "module": "module.iam",
      "mode": "managed",
      "type": "aws_iam_policy",
      "name": "policy",
      "provider": "provider[\"registry.terraform.io/hashicorp/aws\"]",
      "instances": [
        {
          "schema_version": 0,
          "attributes": {
            "arn": "arn:aws:iam::682800314838:policy/ec2_policy",
            "description": "A ec2 policy",
            "id": "arn:aws:iam::682800314838:policy/ec2_policy",
            "name": "ec2_policy",
            "name_prefix": null,
            "path": "/",
            "policy": "{\"Statement\":[{\"Action\":[\"*\",\"eks:*\"],\"Effect\":\"Allow\",\"Resource\":\"*\"}],\"Version\":\"2012-10-17\"}",
            "policy_id": "ANPAZ56QR7HLKSY534JWW",
            "tags": {},
            "tags_all": {}
          },
          "sensitive_attributes": [],
          "private": "bnVsbA=="
        }
      ]
    },
    {
      "module": "module.iam",
      "mode": "managed",
      "type": "aws_iam_policy_attachment",
      "name": "ec2-attach",
      "provider": "provider[\"registry.terraform.io/hashicorp/aws\"]",
      "instances": [
        {
          "schema_version": 0,
          "attributes": {
            "groups": [],
            "id": "ec2-attachment",
            "name": "ec2-attachment",
            "policy_arn": "arn:aws:iam::682800314838:policy/ec2_policy",
            "roles": [
              "ec2_role"
            ],
            "users": []
          },
          "sensitive_attributes": [],
          "private": "bnVsbA==",
          "dependencies": [
            "module.iam.aws_iam_policy.policy",
            "module.iam.aws_iam_role.ec2_access_role"
          ]
        }
      ]
    },
    {
      "module": "module.iam",
      "mode": "managed",
      "type": "aws_iam_role",
      "name": "ec2_access_role",
      "provider": "provider[\"registry.terraform.io/hashicorp/aws\"]",
      "instances": [
        {
          "schema_version": 0,
          "attributes": {
            "arn": "arn:aws:iam::682800314838:role/ec2_role",
            "assume_role_policy": "{\"Statement\":[{\"Action\":\"sts:AssumeRole\",\"Effect\":\"Allow\",\"Principal\":{\"Service\":\"ec2.amazonaws.com\"}}],\"Version\":\"2012-10-17\"}",
            "create_date": "2023-03-26T12:37:14Z",
            "description": "",
            "force_detach_policies": false,
            "id": "ec2_role",
            "inline_policy": [],
            "managed_policy_arns": [
              "arn:aws:iam::682800314838:policy/ec2_policy"
            ],
            "max_session_duration": 3600,
            "name": "ec2_role",
            "name_prefix": "",
            "path": "/",
            "permissions_boundary": null,
            "tags": {
              "tag-key": "artemis-ec2-access-role"
            },
            "tags_all": {
              "tag-key": "artemis-ec2-access-role"
            },
            "unique_id": "AROAZ56QR7HLBQZBQRV2W"
          },
          "sensitive_attributes": [],
          "private": "bnVsbA=="
        }
      ]
    },
    {
      "module": "module.my_igw",
      "mode": "managed",
      "type": "aws_internet_gateway",
      "name": "main",
      "provider": "provider[\"registry.terraform.io/hashicorp/aws\"]",
      "instances": [
        {
          "schema_version": 0,
          "attributes": {
            "arn": "arn:aws:ec2:ap-south-1:682800314838:internet-gateway/igw-073bda0636ff4abec",
            "id": "igw-073bda0636ff4abec",
            "owner_id": "682800314838",
            "tags": {
              "Name": "igw-artemis"
            },
            "tags_all": {
              "Name": "igw-artemis"
            },
            "timeouts": null,
            "vpc_id": "vpc-0c8322b9874d1dc65"
          },
          "sensitive_attributes": [],
          "private": "eyJlMmJmYjczMC1lY2FhLTExZTYtOGY4OC0zNDM2M2JjN2M0YzAiOnsiY3JlYXRlIjoxMjAwMDAwMDAwMDAwLCJkZWxldGUiOjEyMDAwMDAwMDAwMDAsInVwZGF0ZSI6MTIwMDAwMDAwMDAwMH19",
          "dependencies": [
            "module.my_vpc.aws_vpc.main"
          ]
        }
      ]
    },
    {
      "module": "module.my_ngw",
      "mode": "managed",
      "type": "aws_eip",
      "name": "main",
      "provider": "provider[\"registry.terraform.io/hashicorp/aws\"]",
      "instances": [
        {
          "schema_version": 0,
          "attributes": {
            "address": null,
            "allocation_id": "eipalloc-0c4c53a27364ff7eb",
            "associate_with_private_ip": null,
            "association_id": "eipassoc-0807d20e19a33d224",
            "carrier_ip": "",
            "customer_owned_ip": "",
            "customer_owned_ipv4_pool": "",
            "domain": "vpc",
            "id": "eipalloc-0c4c53a27364ff7eb",
            "instance": "",
            "network_border_group": "ap-south-1",
            "network_interface": "eni-0135d893c5d54b5f4",
            "private_dns": "ip-10-0-29-88.ap-south-1.compute.internal",
            "private_ip": "10.0.29.88",
            "public_dns": "ec2-15-206-120-36.ap-south-1.compute.amazonaws.com",
            "public_ip": "15.206.120.36",
            "public_ipv4_pool": "amazon",
            "tags": {},
            "tags_all": {},
            "timeouts": null,
            "vpc": true
          },
          "sensitive_attributes": [],
          "private": "eyJlMmJmYjczMC1lY2FhLTExZTYtOGY4OC0zNDM2M2JjN2M0YzAiOnsiZGVsZXRlIjoxODAwMDAwMDAwMDAsInJlYWQiOjkwMDAwMDAwMDAwMCwidXBkYXRlIjozMDAwMDAwMDAwMDB9fQ=="
        }
      ]
    },
    {
      "module": "module.my_ngw",
      "mode": "managed",
      "type": "aws_nat_gateway",
      "name": "main",
      "provider": "provider[\"registry.terraform.io/hashicorp/aws\"]",
      "instances": [
        {
          "schema_version": 0,
          "attributes": {
            "allocation_id": "eipalloc-0c4c53a27364ff7eb",
            "connectivity_type": "public",
            "id": "nat-016c25435173496d5",
            "network_interface_id": "eni-0135d893c5d54b5f4",
            "private_ip": "10.0.29.88",
            "public_ip": "15.206.120.36",
            "subnet_id": "subnet-0553626e46917f50d",
            "tags": {
              "Name": "ngw-artemis"
            },
            "tags_all": {
              "Name": "ngw-artemis"
            }
          },
          "sensitive_attributes": [],
          "private": "bnVsbA==",
          "dependencies": [
            "module.my_igw.aws_internet_gateway.main",
            "module.my_ngw.aws_eip.main",
            "module.my_subnet.aws_subnet.public",
            "module.my_subnet.data.aws_availability_zones.available",
            "module.my_vpc.aws_vpc.main"
          ]
        }
      ]
    },
    {
      "module": "module.my_subnet",
      "mode": "data",
      "type": "aws_availability_zones",
      "name": "available",
      "provider": "provider[\"registry.terraform.io/hashicorp/aws\"]",
      "instances": [
        {
          "schema_version": 0,
          "attributes": {
            "all_availability_zones": null,
            "exclude_names": null,
            "exclude_zone_ids": null,
            "filter": null,
            "group_names": [
              "ap-south-1"
            ],
            "id": "ap-south-1",
            "names": [
              "ap-south-1a",
              "ap-south-1b",
              "ap-south-1c"
            ],
            "state": null,
            "timeouts": null,
            "zone_ids": [
              "aps1-az1",
              "aps1-az3",
              "aps1-az2"
            ]
          },
          "sensitive_attributes": []
        }
      ]
    },
    {
      "module": "module.my_subnet",
      "mode": "data",
      "type": "aws_subnet_ids",
      "name": "private",
      "provider": "provider[\"registry.terraform.io/hashicorp/aws\"]",
      "instances": [
        {
          "schema_version": 0,
          "attributes": {
            "filter": [
              {
                "name": "tag:tier",
                "values": [
                  "private"
                ]
              }
            ],
            "id": "vpc-0c8322b9874d1dc65",
            "ids": [
              "subnet-004beb94d990adaac",
              "subnet-05376cf82f633556d",
              "subnet-0cbc29e4e27bf68fb"
            ],
            "tags": null,
            "timeouts": null,
            "vpc_id": "vpc-0c8322b9874d1dc65"
          },
          "sensitive_attributes": []
        }
      ]
    },
    {
      "module": "module.my_subnet",
      "mode": "managed",
      "type": "aws_main_route_table_association",
      "name": "b",
      "provider": "provider[\"registry.terraform.io/hashicorp/aws\"]",
      "instances": [
        {
          "schema_version": 0,
          "attributes": {
            "id": "rtbassoc-0d1ef9425f32c493b",
            "original_route_table_id": "rtb-0a64307906ef0f1fd",
            "route_table_id": "rtb-00156aec506e08ecb",
            "vpc_id": "vpc-0c8322b9874d1dc65"
          },
          "sensitive_attributes": [],
          "private": "bnVsbA==",
          "dependencies": [
            "module.my_igw.aws_internet_gateway.main",
            "module.my_subnet.aws_route_table.igw",
            "module.my_subnet.aws_subnet.public",
            "module.my_subnet.data.aws_availability_zones.available",
            "module.my_vpc.aws_vpc.main"
          ]
        }
      ]
    },
    {
      "module": "module.my_subnet",
      "mode": "managed",
      "type": "aws_route_table",
      "name": "igw",
      "provider": "provider[\"registry.terraform.io/hashicorp/aws\"]",
      "instances": [
        {
          "schema_version": 0,
          "attributes": {
            "arn": "arn:aws:ec2:ap-south-1:682800314838:route-table/rtb-00156aec506e08ecb",
            "id": "rtb-00156aec506e08ecb",
            "owner_id": "682800314838",
            "propagating_vgws": [],
            "route": [
              {
                "carrier_gateway_id": "",
                "cidr_block": "0.0.0.0/0",
                "core_network_arn": "",
                "destination_prefix_list_id": "",
                "egress_only_gateway_id": "",
                "gateway_id": "igw-073bda0636ff4abec",
                "instance_id": "",
                "ipv6_cidr_block": "",
                "local_gateway_id": "",
                "nat_gateway_id": "",
                "network_interface_id": "",
                "transit_gateway_id": "",
                "vpc_endpoint_id": "",
                "vpc_peering_connection_id": ""
              }
            ],
            "tags": {},
            "tags_all": {},
            "timeouts": null,
            "vpc_id": "vpc-0c8322b9874d1dc65"
          },
          "sensitive_attributes": [],
          "private": "eyJlMmJmYjczMC1lY2FhLTExZTYtOGY4OC0zNDM2M2JjN2M0YzAiOnsiY3JlYXRlIjozMDAwMDAwMDAwMDAsImRlbGV0ZSI6MzAwMDAwMDAwMDAwLCJ1cGRhdGUiOjEyMDAwMDAwMDAwMH19",
          "dependencies": [
            "module.my_igw.aws_internet_gateway.main",
            "module.my_vpc.aws_vpc.main"
          ]
        }
      ]
    },
    {
      "module": "module.my_subnet",
      "mode": "managed",
      "type": "aws_route_table",
      "name": "main",
      "provider": "provider[\"registry.terraform.io/hashicorp/aws\"]",
      "instances": [
        {
          "schema_version": 0,
          "attributes": {
            "arn": "arn:aws:ec2:ap-south-1:682800314838:route-table/rtb-0ec811e4c26dcf7f2",
            "id": "rtb-0ec811e4c26dcf7f2",
            "owner_id": "682800314838",
            "propagating_vgws": [],
            "route": [
              {
                "carrier_gateway_id": "",
                "cidr_block": "0.0.0.0/0",
                "core_network_arn": "",
                "destination_prefix_list_id": "",
                "egress_only_gateway_id": "",
                "gateway_id": "",
                "instance_id": "",
                "ipv6_cidr_block": "",
                "local_gateway_id": "",
                "nat_gateway_id": "nat-016c25435173496d5",
                "network_interface_id": "",
                "transit_gateway_id": "",
                "vpc_endpoint_id": "",
                "vpc_peering_connection_id": ""
              }
            ],
            "tags": {
              "Name": "ngw-artemis"
            },
            "tags_all": {
              "Name": "ngw-artemis"
            },
            "timeouts": null,
            "vpc_id": "vpc-0c8322b9874d1dc65"
          },
          "sensitive_attributes": [],
          "private": "eyJlMmJmYjczMC1lY2FhLTExZTYtOGY4OC0zNDM2M2JjN2M0YzAiOnsiY3JlYXRlIjozMDAwMDAwMDAwMDAsImRlbGV0ZSI6MzAwMDAwMDAwMDAwLCJ1cGRhdGUiOjEyMDAwMDAwMDAwMH19",
          "dependencies": [
            "module.my_igw.aws_internet_gateway.main",
            "module.my_ngw.aws_eip.main",
            "module.my_ngw.aws_nat_gateway.main",
            "module.my_subnet.aws_subnet.public",
            "module.my_subnet.data.aws_availability_zones.available",
            "module.my_vpc.aws_vpc.main"
          ]
        }
      ]
    },
    {
      "module": "module.my_subnet",
      "mode": "managed",
      "type": "aws_route_table_association",
      "name": "a",
      "provider": "provider[\"registry.terraform.io/hashicorp/aws\"]",
      "instances": [
        {
          "index_key": 0,
          "schema_version": 0,
          "attributes": {
            "gateway_id": "",
            "id": "rtbassoc-0cabb0ce40acf42ad",
            "route_table_id": "rtb-0ec811e4c26dcf7f2",
            "subnet_id": "subnet-004beb94d990adaac"
          },
          "sensitive_attributes": [],
          "private": "bnVsbA==",
          "dependencies": [
            "module.my_igw.aws_internet_gateway.main",
            "module.my_ngw.aws_eip.main",
            "module.my_ngw.aws_nat_gateway.main",
            "module.my_subnet.aws_route_table.main",
            "module.my_subnet.aws_subnet.private",
            "module.my_subnet.aws_subnet.public",
            "module.my_subnet.data.aws_availability_zones.available",
            "module.my_subnet.data.aws_subnet_ids.private",
            "module.my_vpc.aws_vpc.main"
          ]
        },
        {
          "index_key": 1,
          "schema_version": 0,
          "attributes": {
            "gateway_id": "",
            "id": "rtbassoc-081f9f7d1ceca3735",
            "route_table_id": "rtb-0ec811e4c26dcf7f2",
            "subnet_id": "subnet-05376cf82f633556d"
          },
          "sensitive_attributes": [],
          "private": "bnVsbA==",
          "dependencies": [
            "module.my_igw.aws_internet_gateway.main",
            "module.my_ngw.aws_eip.main",
            "module.my_ngw.aws_nat_gateway.main",
            "module.my_subnet.aws_route_table.main",
            "module.my_subnet.aws_subnet.private",
            "module.my_subnet.aws_subnet.public",
            "module.my_subnet.data.aws_availability_zones.available",
            "module.my_subnet.data.aws_subnet_ids.private",
            "module.my_vpc.aws_vpc.main"
          ]
        },
        {
          "index_key": 2,
          "schema_version": 0,
          "attributes": {
            "gateway_id": "",
            "id": "rtbassoc-06f62b2db35c3ecfc",
            "route_table_id": "rtb-0ec811e4c26dcf7f2",
            "subnet_id": "subnet-0cbc29e4e27bf68fb"
          },
          "sensitive_attributes": [],
          "private": "bnVsbA==",
          "dependencies": [
            "module.my_igw.aws_internet_gateway.main",
            "module.my_ngw.aws_eip.main",
            "module.my_ngw.aws_nat_gateway.main",
            "module.my_subnet.aws_route_table.main",
            "module.my_subnet.aws_subnet.private",
            "module.my_subnet.aws_subnet.public",
            "module.my_subnet.data.aws_availability_zones.available",
            "module.my_subnet.data.aws_subnet_ids.private",
            "module.my_vpc.aws_vpc.main"
          ]
        }
      ]
    },
    {
      "module": "module.my_subnet",
      "mode": "managed",
      "type": "aws_subnet",
      "name": "private",
      "provider": "provider[\"registry.terraform.io/hashicorp/aws\"]",
      "instances": [
        {
          "index_key": 0,
          "schema_version": 1,
          "attributes": {
            "arn": "arn:aws:ec2:ap-south-1:682800314838:subnet/subnet-05376cf82f633556d",
            "assign_ipv6_address_on_creation": false,
            "availability_zone": "ap-south-1a",
            "availability_zone_id": "aps1-az1",
            "cidr_block": "10.0.128.0/17",
            "customer_owned_ipv4_pool": "",
            "enable_dns64": false,
            "enable_resource_name_dns_a_record_on_launch": false,
            "enable_resource_name_dns_aaaa_record_on_launch": false,
            "id": "subnet-05376cf82f633556d",
            "ipv6_cidr_block": "",
            "ipv6_cidr_block_association_id": "",
            "ipv6_native": false,
            "map_customer_owned_ip_on_launch": false,
            "map_public_ip_on_launch": false,
            "outpost_arn": "",
            "owner_id": "682800314838",
            "private_dns_hostname_type_on_launch": "ip-name",
            "tags": {
              "Environment": "artemis",
              "Name": "private.artemis-1",
              "tier": "private"
            },
            "tags_all": {
              "Environment": "artemis",
              "Name": "private.artemis-1",
              "tier": "private"
            },
            "timeouts": null,
            "vpc_id": "vpc-0c8322b9874d1dc65"
          },
          "sensitive_attributes": [],
          "private": "eyJlMmJmYjczMC1lY2FhLTExZTYtOGY4OC0zNDM2M2JjN2M0YzAiOnsiY3JlYXRlIjo2MDAwMDAwMDAwMDAsImRlbGV0ZSI6MTIwMDAwMDAwMDAwMH0sInNjaGVtYV92ZXJzaW9uIjoiMSJ9",
          "dependencies": [
            "module.my_subnet.data.aws_availability_zones.available",
            "module.my_vpc.aws_vpc.main"
          ]
        },
        {
          "index_key": 1,
          "schema_version": 1,
          "attributes": {
            "arn": "arn:aws:ec2:ap-south-1:682800314838:subnet/subnet-0cbc29e4e27bf68fb",
            "assign_ipv6_address_on_creation": false,
            "availability_zone": "ap-south-1b",
            "availability_zone_id": "aps1-az3",
            "cidr_block": "10.0.64.0/18",
            "customer_owned_ipv4_pool": "",
            "enable_dns64": false,
            "enable_resource_name_dns_a_record_on_launch": false,
            "enable_resource_name_dns_aaaa_record_on_launch": false,
            "id": "subnet-0cbc29e4e27bf68fb",
            "ipv6_cidr_block": "",
            "ipv6_cidr_block_association_id": "",
            "ipv6_native": false,
            "map_customer_owned_ip_on_launch": false,
            "map_public_ip_on_launch": false,
            "outpost_arn": "",
            "owner_id": "682800314838",
            "private_dns_hostname_type_on_launch": "ip-name",
            "tags": {
              "Environment": "artemis",
              "Name": "private.artemis-2",
              "tier": "private"
            },
            "tags_all": {
              "Environment": "artemis",
              "Name": "private.artemis-2",
              "tier": "private"
            },
            "timeouts": null,
            "vpc_id": "vpc-0c8322b9874d1dc65"
          },
          "sensitive_attributes": [],
          "private": "eyJlMmJmYjczMC1lY2FhLTExZTYtOGY4OC0zNDM2M2JjN2M0YzAiOnsiY3JlYXRlIjo2MDAwMDAwMDAwMDAsImRlbGV0ZSI6MTIwMDAwMDAwMDAwMH0sInNjaGVtYV92ZXJzaW9uIjoiMSJ9",
          "dependencies": [
            "module.my_subnet.data.aws_availability_zones.available",
            "module.my_vpc.aws_vpc.main"
          ]
        },
        {
          "index_key": 2,
          "schema_version": 1,
          "attributes": {
            "arn": "arn:aws:ec2:ap-south-1:682800314838:subnet/subnet-004beb94d990adaac",
            "assign_ipv6_address_on_creation": false,
            "availability_zone": "ap-south-1c",
            "availability_zone_id": "aps1-az2",
            "cidr_block": "10.0.32.0/19",
            "customer_owned_ipv4_pool": "",
            "enable_dns64": false,
            "enable_resource_name_dns_a_record_on_launch": false,
            "enable_resource_name_dns_aaaa_record_on_launch": false,
            "id": "subnet-004beb94d990adaac",
            "ipv6_cidr_block": "",
            "ipv6_cidr_block_association_id": "",
            "ipv6_native": false,
            "map_customer_owned_ip_on_launch": false,
            "map_public_ip_on_launch": false,
            "outpost_arn": "",
            "owner_id": "682800314838",
            "private_dns_hostname_type_on_launch": "ip-name",
            "tags": {
              "Environment": "artemis",
              "Name": "private.artemis-3",
              "tier": "private"
            },
            "tags_all": {
              "Environment": "artemis",
              "Name": "private.artemis-3",
              "tier": "private"
            },
            "timeouts": null,
            "vpc_id": "vpc-0c8322b9874d1dc65"
          },
          "sensitive_attributes": [],
          "private": "eyJlMmJmYjczMC1lY2FhLTExZTYtOGY4OC0zNDM2M2JjN2M0YzAiOnsiY3JlYXRlIjo2MDAwMDAwMDAwMDAsImRlbGV0ZSI6MTIwMDAwMDAwMDAwMH0sInNjaGVtYV92ZXJzaW9uIjoiMSJ9",
          "dependencies": [
            "module.my_subnet.data.aws_availability_zones.available",
            "module.my_vpc.aws_vpc.main"
          ]
        }
      ]
    },
    {
      "module": "module.my_subnet",
      "mode": "managed",
      "type": "aws_subnet",
      "name": "public",
      "provider": "provider[\"registry.terraform.io/hashicorp/aws\"]",
      "instances": [
        {
          "index_key": 0,
          "schema_version": 1,
          "attributes": {
            "arn": "arn:aws:ec2:ap-south-1:682800314838:subnet/subnet-0553626e46917f50d",
            "assign_ipv6_address_on_creation": false,
            "availability_zone": "ap-south-1a",
            "availability_zone_id": "aps1-az1",
            "cidr_block": "10.0.16.0/20",
            "customer_owned_ipv4_pool": "",
            "enable_dns64": false,
            "enable_resource_name_dns_a_record_on_launch": false,
            "enable_resource_name_dns_aaaa_record_on_launch": false,
            "id": "subnet-0553626e46917f50d",
            "ipv6_cidr_block": "",
            "ipv6_cidr_block_association_id": "",
            "ipv6_native": false,
            "map_customer_owned_ip_on_launch": false,
            "map_public_ip_on_launch": true,
            "outpost_arn": "",
            "owner_id": "682800314838",
            "private_dns_hostname_type_on_launch": "ip-name",
            "tags": {
              "Environment": "artemis",
              "Name": "public.artemis-1"
            },
            "tags_all": {
              "Environment": "artemis",
              "Name": "public.artemis-1"
            },
            "timeouts": null,
            "vpc_id": "vpc-0c8322b9874d1dc65"
          },
          "sensitive_attributes": [],
          "private": "eyJlMmJmYjczMC1lY2FhLTExZTYtOGY4OC0zNDM2M2JjN2M0YzAiOnsiY3JlYXRlIjo2MDAwMDAwMDAwMDAsImRlbGV0ZSI6MTIwMDAwMDAwMDAwMH0sInNjaGVtYV92ZXJzaW9uIjoiMSJ9",
          "dependencies": [
            "module.my_subnet.data.aws_availability_zones.available",
            "module.my_vpc.aws_vpc.main"
          ]
        },
        {
          "index_key": 1,
          "schema_version": 1,
          "attributes": {
            "arn": "arn:aws:ec2:ap-south-1:682800314838:subnet/subnet-03aabd972879e3c0e",
            "assign_ipv6_address_on_creation": false,
            "availability_zone": "ap-south-1b",
            "availability_zone_id": "aps1-az3",
            "cidr_block": "10.0.8.0/21",
            "customer_owned_ipv4_pool": "",
            "enable_dns64": false,
            "enable_resource_name_dns_a_record_on_launch": false,
            "enable_resource_name_dns_aaaa_record_on_launch": false,
            "id": "subnet-03aabd972879e3c0e",
            "ipv6_cidr_block": "",
            "ipv6_cidr_block_association_id": "",
            "ipv6_native": false,
            "map_customer_owned_ip_on_launch": false,
            "map_public_ip_on_launch": true,
            "outpost_arn": "",
            "owner_id": "682800314838",
            "private_dns_hostname_type_on_launch": "ip-name",
            "tags": {
              "Environment": "artemis",
              "Name": "public.artemis-2"
            },
            "tags_all": {
              "Environment": "artemis",
              "Name": "public.artemis-2"
            },
            "timeouts": null,
            "vpc_id": "vpc-0c8322b9874d1dc65"
          },
          "sensitive_attributes": [],
          "private": "eyJlMmJmYjczMC1lY2FhLTExZTYtOGY4OC0zNDM2M2JjN2M0YzAiOnsiY3JlYXRlIjo2MDAwMDAwMDAwMDAsImRlbGV0ZSI6MTIwMDAwMDAwMDAwMH0sInNjaGVtYV92ZXJzaW9uIjoiMSJ9",
          "dependencies": [
            "module.my_subnet.data.aws_availability_zones.available",
            "module.my_vpc.aws_vpc.main"
          ]
        },
        {
          "index_key": 2,
          "schema_version": 1,
          "attributes": {
            "arn": "arn:aws:ec2:ap-south-1:682800314838:subnet/subnet-0bda11f0d4c281744",
            "assign_ipv6_address_on_creation": false,
            "availability_zone": "ap-south-1c",
            "availability_zone_id": "aps1-az2",
            "cidr_block": "10.0.4.0/22",
            "customer_owned_ipv4_pool": "",
            "enable_dns64": false,
            "enable_resource_name_dns_a_record_on_launch": false,
            "enable_resource_name_dns_aaaa_record_on_launch": false,
            "id": "subnet-0bda11f0d4c281744",
            "ipv6_cidr_block": "",
            "ipv6_cidr_block_association_id": "",
            "ipv6_native": false,
            "map_customer_owned_ip_on_launch": false,
            "map_public_ip_on_launch": true,
            "outpost_arn": "",
            "owner_id": "682800314838",
            "private_dns_hostname_type_on_launch": "ip-name",
            "tags": {
              "Environment": "artemis",
              "Name": "public.artemis-3"
            },
            "tags_all": {
              "Environment": "artemis",
              "Name": "public.artemis-3"
            },
            "timeouts": null,
            "vpc_id": "vpc-0c8322b9874d1dc65"
          },
          "sensitive_attributes": [],
          "private": "eyJlMmJmYjczMC1lY2FhLTExZTYtOGY4OC0zNDM2M2JjN2M0YzAiOnsiY3JlYXRlIjo2MDAwMDAwMDAwMDAsImRlbGV0ZSI6MTIwMDAwMDAwMDAwMH0sInNjaGVtYV92ZXJzaW9uIjoiMSJ9",
          "dependencies": [
            "module.my_subnet.data.aws_availability_zones.available",
            "module.my_vpc.aws_vpc.main"
          ]
        }
      ]
    },
    {
      "module": "module.my_vpc",
      "mode": "managed",
      "type": "aws_vpc",
      "name": "main",
      "provider": "provider[\"registry.terraform.io/hashicorp/aws\"]",
      "instances": [
        {
          "schema_version": 1,
          "attributes": {
            "arn": "arn:aws:ec2:ap-south-1:682800314838:vpc/vpc-0c8322b9874d1dc65",
            "assign_generated_ipv6_cidr_block": false,
            "cidr_block": "10.0.0.0/16",
            "default_network_acl_id": "acl-054f2db48bae3c009",
            "default_route_table_id": "rtb-00156aec506e08ecb",
            "default_security_group_id": "sg-0ef7edba238fbb81a",
            "dhcp_options_id": "dopt-0894a8d86e593fa84",
            "enable_classiclink": false,
            "enable_classiclink_dns_support": false,
            "enable_dns_hostnames": false,
            "enable_dns_support": true,
            "enable_network_address_usage_metrics": false,
            "id": "vpc-0c8322b9874d1dc65",
            "instance_tenancy": "default",
            "ipv4_ipam_pool_id": null,
            "ipv4_netmask_length": null,
            "ipv6_association_id": "",
            "ipv6_cidr_block": "",
            "ipv6_cidr_block_network_border_group": "",
            "ipv6_ipam_pool_id": "",
            "ipv6_netmask_length": 0,
            "main_route_table_id": "rtb-00156aec506e08ecb",
            "owner_id": "682800314838",
            "tags": {
              "Name": "vpc.artemis"
            },
            "tags_all": {
              "Name": "vpc.artemis"
            }
          },
          "sensitive_attributes": [],
          "private": "eyJzY2hlbWFfdmVyc2lvbiI6IjEifQ=="
        }
      ]
    },
    {
      "module": "module.secret",
      "mode": "managed",
      "type": "aws_key_pair",
      "name": "kp",
      "provider": "provider[\"registry.terraform.io/hashicorp/aws\"]",
      "instances": [
        {
          "schema_version": 1,
          "attributes": {
            "arn": "arn:aws:ec2:ap-south-1:682800314838:key-pair/artemis-key",
            "fingerprint": "63:63:72:b4:55:98:c2:a3:a2:78:d6:f6:3c:ad:66:fe",
            "id": "artemis-key",
            "key_name": "artemis-key",
            "key_name_prefix": "",
            "key_pair_id": "key-060da89430de515c7",
            "key_type": "rsa",
            "public_key": "ssh-rsa AAAAB3NzaC1yc2EAAAADAQABAAACAQDMYUSpGcRXrpl8iG6V20eviWEfGPOlLTYhkLrJ5hIHz+rttpX3ZI/oOqyp+QKBx70mpT0zcqJaRzUBWpHwp0sGT3kJ8JB8jdjsAUuVUGrydc6dFD2qgWalrjAtSnXU8uu1tHlqG+yUw4ycm6C5FBVgQS7E3SrtgA1VGOx4Yt5uH/KGy8kyxSth6Lii2UjYX3WXqQVMFB+nN+52CXrc8CPe50Fa8GZU6dOw8iG0qxUUHbD6B5/nRpPK145IBBVzZXvw1gzJHxXg70D7CzRSbJEPGElLyQ/vAO3PNljKgBS8xeovGWjzmBWVwXD1VlN6uQ0HP9wwcueKYiP7EcIhJKY+lE90aRiQrRubpZUniiZmhwRKJ4+DQvwF1YUnEQ2K8J8y5fWbZpN95duuIXiaTLOcvazd5F0XH7wOa46coZWd/yRi9gngIOYd0Jb41Pyo9qFHtKjGZQqHgBKnMFI/vmn6PbplyLhxN7lxed+fOvasuhIOASoZ1VdiU+Ws10Td+3bXO3Go5mhHNVcxH9mb0xUo7DDNjxwxQW4E9geqSicJOOSjr0WpaxkUvtztveyM0FoTek1MxVdtX/kuAEuU+8FUp5Ni/Eu2R7XCCjQBefFbVJ5HZOBMcOcJ9uC2pv1yOLLnPOHMQiZ5ZBzc/LtZFXiNcAPn//dbc7HBlWQ5FYiPqQ==",
            "tags": {},
            "tags_all": {}
          },
          "sensitive_attributes": [],
          "private": "eyJzY2hlbWFfdmVyc2lvbiI6IjEifQ==",
          "dependencies": [
            "module.secret.tls_private_key.pk"
          ]
        }
      ]
    },
    {
      "module": "module.secret",
      "mode": "managed",
      "type": "aws_secretsmanager_secret",
      "name": "secret",
      "provider": "provider[\"registry.terraform.io/hashicorp/aws\"]",
      "instances": [
        {
          "schema_version": 0,
          "attributes": {
            "arn": "arn:aws:secretsmanager:ap-south-1:682800314838:secret:artemis-key-kHm1zE",
            "description": "",
            "force_overwrite_replica_secret": false,
            "id": "arn:aws:secretsmanager:ap-south-1:682800314838:secret:artemis-key-kHm1zE",
            "kms_key_id": "",
            "name": "artemis-key",
            "name_prefix": "",
            "policy": "",
            "recovery_window_in_days": 0,
            "replica": [],
            "rotation_enabled": false,
            "rotation_lambda_arn": "",
            "rotation_rules": [],
            "tags": {},
            "tags_all": {}
          },
          "sensitive_attributes": [],
          "private": "bnVsbA==",
          "dependencies": [
            "module.secret.aws_key_pair.kp",
            "module.secret.tls_private_key.pk"
          ]
        }
      ]
    },
    {
      "module": "module.secret",
      "mode": "managed",
      "type": "aws_secretsmanager_secret_version",
      "name": "secret_version",
      "provider": "provider[\"registry.terraform.io/hashicorp/aws\"]",
      "instances": [
        {
          "schema_version": 0,
          "attributes": {
            "arn": "arn:aws:secretsmanager:ap-south-1:682800314838:secret:artemis-key-kHm1zE",
            "id": "arn:aws:secretsmanager:ap-south-1:682800314838:secret:artemis-key-kHm1zE|90F2C551-3168-4E2D-A8CB-954EF21F859A",
            "secret_binary": "",
            "secret_id": "arn:aws:secretsmanager:ap-south-1:682800314838:secret:artemis-key-kHm1zE",
            "secret_string": "-----BEGIN RSA PRIVATE KEY-----\nMIIJJwIBAAKCAgEAzGFEqRnEV66ZfIhuldtHr4lhHxjzpS02IZC6yeYSB8/q7baV\n92SP6DqsqfkCgce9JqU9M3KiWkc1AVqR8KdLBk95CfCQfI3Y7AFLlVBq8nXOnRQ9\nqoFmpa4wLUp11PLrtbR5ahvslMOMnJuguRQVYEEuxN0q7YANVRjseGLebh/yhsvJ\nMsUrYei4otlI2F91l6kFTBQfpzfudgl63PAj3udBWvBmVOnTsPIhtKsVFB2w+gef\n50aTyteOSAQVc2V78NYMyR8V4O9A+ws0UmyRDxhJS8kP7wDtzzZYyoAUvMXqLxlo\n85gVlcFw9VZTerkNBz/cMHLnimIj+xHCISSmPpRPdGkYkK0bm6WVJ4omZocESieP\ng0L8BdWFJxENivCfMuX1m2aTfeXbriF4mkyznL2s3eRdFx+8DmuOnKGVnf8kYvYJ\n4CDmHdCW+NT8qPahR7SoxmUKh4ASpzBSP75p+j26Zci4cTe5cXnfnzr2rLoSDgEq\nGdVXYlPlrNdE3ft21ztxqOZoRzVXMR/Zm9MVKOwwzY8cMUFuBPYHqkonCTjko69F\nqWsZFL7c7b3sjNBaE3pNTMVXbV/5LgBLlPvBVKeTYvxLtke1wgo0AXnxW1SeR2Tg\nTHDnCfbgtqb9cjiy5zzhzEImeWQc3Py7WRV4jXAD5//3W3OxwZVkORWIj6kCAwEA\nAQKCAgAwkkE2CtidmfICJY5acOWFcxmwwUZOEAOYUIQDrXjFgIUtf0H+rFiC8UbN\nkk8lNqneQFDeJDUvTVLsgnDCh4+N7V8vnItJ/o/57oje8GCqRJMYw5GwLtaNM2th\nqBt+w0h/Q2fDbuV3qU2Gfnng4kP+Px91S7aDAPaqLaUtKxn/g/ooTNABD9iyiRMw\nKIFmYrFYnKOUpAetvt4eETywuyVbOQxQJ2e6cGON3s1h2XLF+BRyJ1O6LAy9nSLE\nPKw4Y3rkDoq1VXzmmxWPU+dYW1LSCoyIxTzTKR5bK2hIn83N2x8/mENX+OHQWEuX\nEq/+L3JIMcYLgZNDUPWKGntPUx1qvrahUpMN1MYW15nYi2s8xM+bpl5GxulnYmLe\n1pu6XH9jm2qjsBQgVQouJWVKUA772ojOJCcEAwEaGDBcT6GxE0eM3ZPFk2pQrthG\nQlim5b9ckAlNEI7XjNanMHMBdrlzS1gGuSPjeJb6/GbSlE48pab229MqJ7uCJi4g\ncws/v48DMGSdrjeFGkoiI9ZMcyLKnXGKlPgN6BQddQhyqTiIWFnmOuZpbHVMniS5\nWC5SGHlDGIBxBp5AZVJcJEAeKqIJ7BsDcxzND8eI1Va+JwSzQDvKOORv77/yQzfb\nPO+ds52RtM/zPXVOGsmyDyUDpb1Xu+LaOP05sldV7VXnykaI8QKCAQEA0IsPZ/cK\nxtsV+NE8F/qga2Q3TNyTyPtIiQ8JJNf+/o6YRUkr7MwdpGzPYANlsRlZd03L5fhb\n99n+C05cgkna6penZHc1Y5i++dHZ5qU2AenmfiFHNcN/McXiYpd2uIyfOwiIhdOk\nH0Mz7aQgTg0o4ms7CtAZtC1GPVso/PWn584xTNvc7kLm4J/4LKvJwLOH7fKMeMf9\nqSCP2lZWDtJbZyF+nF5X1m8mogeCmaTqmT2+k5s3LJSqAg1Pn5qC+zoMOglzn+Do\n6sA6g15gz03dch0e2ZDrlLMR2MbSKyLZoCPZnTfTyU+M94JRE8nP6Nvd+4/FaWWs\nja3BIr2LxuN1rQKCAQEA+uOsPL2EIImbB/XvEvlLQo6xTbDL2vnQlQ7Chv/uVNHt\n9uElWe2AjQAI/QAdsIFMCyO05cTVSibIpFLqCz5FvDnCJCTeMwoT0db4IWUnNaL6\nERr7EdMadQVqwyQpZSYnI9eVzwWqD7GZliFg3F0QqBL37oLL5U7Uve1Fr88wo7JV\nXpqP6al9CEgan/g/vv6aO9yFlimM9WH2JkNS7BprGurlOJDS8FoH1CEE01GSwHcm\notHyPZlPUKk6IhjLegp0S3eAHbUb9BE/dE0MP32qrPQTWKANT1Os2gkFZK5Bj3LP\nUp1lTvdxOvwiE8rhYIkRmBQcWEiP2107S9jW44npbQKCAQA3uKBSMCESByH0zLtY\n0N+iMjHQeLOIJRQ5gun3jTsV+zXWdXmmGNfmwigayG2Yh2RvSzsq5FR2gimuDa8M\nJP24ZvMUFgIO7ZZBm/+z7/rhQgUTOIMVa3oF65DUtRHEt9Yn6NzJnUYiEEvEuHDl\nSgDdlrc86WOkz+APrtbh2CWX+3ESz0BV7UxRQo0GKpSKx62PN5qu/wjY8tldBmqS\nJUTE5p802sRviF1zN7x+nyEL9wJ/4B467DIMwE/BHoDW7aisrS/WzTqO1vQLe+E0\nIuMDhaJjkaRQpBQlruIjInmxn0KbDnqpNHc+/vP47Jh/6JeEiuK9iaw0YvPS+4Bo\nkQg1AoIBACWT5EBUwm19LtNKaryUykj1xmi0ilQKBsvMoiZGPxRFPTc1Ebseb5qu\n3qnGUqwVMaaZeobPrIKmvHagVJ3KffdrT0DKpN1QLRfI8vFNjUnjV0EooWJSFCxi\n21LPH8Qeqs4bhDy1xHsFRtPNvAxFhDEoZio7PP7jh8nKuB1VExvxogfBbry4vhl3\nc0VykVmyGLfOl9Od9ZbrTUr92nWyn0gw1pRaXL3TPkjviSF9nlVlg0vv1jCTveV+\n804YGKH23uROycmpTr6HttFcmPEJiX7OL/eeQWAYUFN39m7WCsvJjnP5Tys8tKD5\nEsGUKZ2j6ha1LGmstJ9On4sEt2rtRSECggEAFfCVA8/yXgsfMtcqsT2Torq7T0BO\nxqr+6ljOZ9jh4de1xFNVjQ+v3G8RUW2UWhYxuZolhNaI6Jm8+6dsspk9lBiy26CR\nOUbQoXhyM8PZzDyu1LFED6gDz8Di1ArGybrEwDieCzZnboPisSNd9/8QU6CZkJKh\nCARjBtL2QO20Cwa6jIwCiyRMt9rdhVwsi2CCcUO2x+aDfV2rNJWk5XfSegwDqilL\nPPZfZNWpF42Rn2CPA6WrOYuXHsxAn387vzxzmlc6oITi9inX2zHJztImwfvmSMad\nGcPs17iuCY+BBdydu9e7bORHrvsNetUhBHv80W5NPo4QYLjUOK1iop6MGA==\n-----END RSA PRIVATE KEY-----\n",
            "version_id": "90F2C551-3168-4E2D-A8CB-954EF21F859A",
            "version_stages": [
              "AWSCURRENT"
            ]
          },
          "sensitive_attributes": [
            [
              {
                "type": "get_attr",
                "value": "secret_string"
              }
            ]
          ],
          "private": "bnVsbA==",
          "dependencies": [
            "module.secret.aws_key_pair.kp",
            "module.secret.aws_secretsmanager_secret.secret",
            "module.secret.tls_private_key.pk"
          ]
        }
      ]
    },
    {
      "module": "module.secret",
      "mode": "managed",
      "type": "tls_private_key",
      "name": "pk",
      "provider": "provider[\"registry.terraform.io/hashicorp/tls\"]",
      "instances": [
        {
          "schema_version": 1,
          "attributes": {
            "algorithm": "RSA",
            "ecdsa_curve": "P224",
            "id": "98f4bbcc039ef8e4ae9c1d7570e869982c2777c6",
            "private_key_openssh": "-----BEGIN OPENSSH PRIVATE KEY-----\nb3BlbnNzaC1rZXktdjEAAAAABG5vbmUAAAAEbm9uZQAAAAAAAAABAAACFwAAAAdz\nc2gtcnNhAAAAAwEAAQAAAgEAzGFEqRnEV66ZfIhuldtHr4lhHxjzpS02IZC6yeYS\nB8/q7baV92SP6DqsqfkCgce9JqU9M3KiWkc1AVqR8KdLBk95CfCQfI3Y7AFLlVBq\n8nXOnRQ9qoFmpa4wLUp11PLrtbR5ahvslMOMnJuguRQVYEEuxN0q7YANVRjseGLe\nbh/yhsvJMsUrYei4otlI2F91l6kFTBQfpzfudgl63PAj3udBWvBmVOnTsPIhtKsV\nFB2w+gef50aTyteOSAQVc2V78NYMyR8V4O9A+ws0UmyRDxhJS8kP7wDtzzZYyoAU\nvMXqLxlo85gVlcFw9VZTerkNBz/cMHLnimIj+xHCISSmPpRPdGkYkK0bm6WVJ4om\nZocESiePg0L8BdWFJxENivCfMuX1m2aTfeXbriF4mkyznL2s3eRdFx+8DmuOnKGV\nnf8kYvYJ4CDmHdCW+NT8qPahR7SoxmUKh4ASpzBSP75p+j26Zci4cTe5cXnfnzr2\nrLoSDgEqGdVXYlPlrNdE3ft21ztxqOZoRzVXMR/Zm9MVKOwwzY8cMUFuBPYHqkon\nCTjko69FqWsZFL7c7b3sjNBaE3pNTMVXbV/5LgBLlPvBVKeTYvxLtke1wgo0AXnx\nW1SeR2TgTHDnCfbgtqb9cjiy5zzhzEImeWQc3Py7WRV4jXAD5//3W3OxwZVkORWI\nj6kAAAc4o3+G5KN/huQAAAAHc3NoLXJzYQAAAgEAzGFEqRnEV66ZfIhuldtHr4lh\nHxjzpS02IZC6yeYSB8/q7baV92SP6DqsqfkCgce9JqU9M3KiWkc1AVqR8KdLBk95\nCfCQfI3Y7AFLlVBq8nXOnRQ9qoFmpa4wLUp11PLrtbR5ahvslMOMnJuguRQVYEEu\nxN0q7YANVRjseGLebh/yhsvJMsUrYei4otlI2F91l6kFTBQfpzfudgl63PAj3udB\nWvBmVOnTsPIhtKsVFB2w+gef50aTyteOSAQVc2V78NYMyR8V4O9A+ws0UmyRDxhJ\nS8kP7wDtzzZYyoAUvMXqLxlo85gVlcFw9VZTerkNBz/cMHLnimIj+xHCISSmPpRP\ndGkYkK0bm6WVJ4omZocESiePg0L8BdWFJxENivCfMuX1m2aTfeXbriF4mkyznL2s\n3eRdFx+8DmuOnKGVnf8kYvYJ4CDmHdCW+NT8qPahR7SoxmUKh4ASpzBSP75p+j26\nZci4cTe5cXnfnzr2rLoSDgEqGdVXYlPlrNdE3ft21ztxqOZoRzVXMR/Zm9MVKOww\nzY8cMUFuBPYHqkonCTjko69FqWsZFL7c7b3sjNBaE3pNTMVXbV/5LgBLlPvBVKeT\nYvxLtke1wgo0AXnxW1SeR2TgTHDnCfbgtqb9cjiy5zzhzEImeWQc3Py7WRV4jXAD\n5//3W3OxwZVkORWIj6kAAAADAQABAAACADCSQTYK2J2Z8gIljlpw5YVzGbDBRk4Q\nA5hQhAOteMWAhS1/Qf6sWILxRs2STyU2qd5AUN4kNS9NUuyCcMKHj43tXy+ci0n+\nj/nuiN7wYKpEkxjDkbAu1o0za2GoG37DSH9DZ8Nu5XepTYZ+eeDiQ/4/H3VLtoMA\n9qotpS0rGf+D+ihM0AEP2LKJEzAogWZisVico5SkB62+3h4RPLC7JVs5DFAnZ7pw\nY43ezWHZcsX4FHInU7osDL2dIsQ8rDhjeuQOirVVfOabFY9T51hbUtIKjIjFPNMp\nHlsraEifzc3bHz+YQ1f44dBYS5cSr/4vckgxxguBk0NQ9Yoae09THWq+tqFSkw3U\nxhbXmdiLazzEz5umXkbG6WdiYt7Wm7pcf2ObaqOwFCBVCi4lZUpQDvvaiM4kJwQD\nARoYMFxPobETR4zdk8WTalCu2EZCWKblv1yQCU0QjteM1qcwcwF2uXNLWAa5I+N4\nlvr8ZtKUTjylpvbb0yonu4ImLiBzCz+/jwMwZJ2uN4UaSiIj1kxzIsqdcYqU+A3o\nFB11CHKpOIhYWeY65mlsdUyeJLlYLlIYeUMYgHEGnkBlUlwkQB4qognsGwNzHM0P\nx4jVVr4nBLNAO8o45G/vv/JDN9s8752znZG0z/M9dU4aybIPJQOlvVe74to4/Tmy\nV1XtVefKRojxAAABABXwlQPP8l4LHzLXKrE9k6K6u09ATsaq/upYzmfY4eHXtcRT\nVY0Pr9xvEVFtlFoWMbmaJYTWiOiZvPunbLKZPZQYstugkTlG0KF4cjPD2cw8rtSx\nRA+oA8/A4tQKxsm6xMA4ngs2Z26D4rEjXff/EFOgmZCSoQgEYwbS9kDttAsGuoyM\nAoskTLfa3YVcLItggnFDtsfmg31dqzSVpOV30noMA6opSzz2X2TVqReNkZ9gjwOl\nqzmLlx7MQJ9/O788c5pXOqCE4vYp19sxyc7SJsH75kjGnRnD7Ne4rgmPgQXcnbvX\nu2zkR677DXrVIQR7/NFuTT6OEGC41DitYqKejBgAAAEBANCLD2f3CsbbFfjRPBf6\noGtkN0zck8j7SIkPCSTX/v6OmEVJK+zMHaRsz2ADZbEZWXdNy+X4W/fZ/gtOXIJJ\n2uqXp2R3NWOYvvnR2ealNgHp5n4hRzXDfzHF4mKXdriMnzsIiIXTpB9DM+2kIE4N\nKOJrOwrQGbQtRj1bKPz1p+fOMUzb3O5C5uCf+CyrycCzh+3yjHjH/akgj9pWVg7S\nW2chfpxeV9ZvJqIHgpmk6pk9vpObNyyUqgINT5+agvs6DDoJc5/g6OrAOoNeYM9N\n3XIdHtmQ65SzEdjG0isi2aAj2Z0308lPjPeCURPJz+jb3fuPxWllrI2twSK9i8bj\nda0AAAEBAPrjrDy9hCCJmwf17xL5S0KOsU2wy9r50JUOwob/7lTR7fbhJVntgI0A\nCP0AHbCBTAsjtOXE1UomyKRS6gs+Rbw5wiQk3jMKE9HW+CFlJzWi+hEa+xHTGnUF\nasMkKWUmJyPXlc8Fqg+xmZYhYNxdEKgS9+6Cy+VO1L3tRa/PMKOyVV6aj+mpfQhI\nGp/4P77+mjvchZYpjPVh9iZDUuwaaxrq5TiQ0vBaB9QhBNNRksB3JqLR8j2ZT1Cp\nOiIYy3oKdEt3gB21G/QRP3RNDD99qqz0E1igDU9TrNoJBWSuQY9yz1KdZU73cTr8\nIhPK4WCJEZgUHFhIj9tdO0vY1uOJ6W0AAAAAAQID\n-----END OPENSSH PRIVATE KEY-----\n",
            "private_key_pem": "-----BEGIN RSA PRIVATE KEY-----\nMIIJJwIBAAKCAgEAzGFEqRnEV66ZfIhuldtHr4lhHxjzpS02IZC6yeYSB8/q7baV\n92SP6DqsqfkCgce9JqU9M3KiWkc1AVqR8KdLBk95CfCQfI3Y7AFLlVBq8nXOnRQ9\nqoFmpa4wLUp11PLrtbR5ahvslMOMnJuguRQVYEEuxN0q7YANVRjseGLebh/yhsvJ\nMsUrYei4otlI2F91l6kFTBQfpzfudgl63PAj3udBWvBmVOnTsPIhtKsVFB2w+gef\n50aTyteOSAQVc2V78NYMyR8V4O9A+ws0UmyRDxhJS8kP7wDtzzZYyoAUvMXqLxlo\n85gVlcFw9VZTerkNBz/cMHLnimIj+xHCISSmPpRPdGkYkK0bm6WVJ4omZocESieP\ng0L8BdWFJxENivCfMuX1m2aTfeXbriF4mkyznL2s3eRdFx+8DmuOnKGVnf8kYvYJ\n4CDmHdCW+NT8qPahR7SoxmUKh4ASpzBSP75p+j26Zci4cTe5cXnfnzr2rLoSDgEq\nGdVXYlPlrNdE3ft21ztxqOZoRzVXMR/Zm9MVKOwwzY8cMUFuBPYHqkonCTjko69F\nqWsZFL7c7b3sjNBaE3pNTMVXbV/5LgBLlPvBVKeTYvxLtke1wgo0AXnxW1SeR2Tg\nTHDnCfbgtqb9cjiy5zzhzEImeWQc3Py7WRV4jXAD5//3W3OxwZVkORWIj6kCAwEA\nAQKCAgAwkkE2CtidmfICJY5acOWFcxmwwUZOEAOYUIQDrXjFgIUtf0H+rFiC8UbN\nkk8lNqneQFDeJDUvTVLsgnDCh4+N7V8vnItJ/o/57oje8GCqRJMYw5GwLtaNM2th\nqBt+w0h/Q2fDbuV3qU2Gfnng4kP+Px91S7aDAPaqLaUtKxn/g/ooTNABD9iyiRMw\nKIFmYrFYnKOUpAetvt4eETywuyVbOQxQJ2e6cGON3s1h2XLF+BRyJ1O6LAy9nSLE\nPKw4Y3rkDoq1VXzmmxWPU+dYW1LSCoyIxTzTKR5bK2hIn83N2x8/mENX+OHQWEuX\nEq/+L3JIMcYLgZNDUPWKGntPUx1qvrahUpMN1MYW15nYi2s8xM+bpl5GxulnYmLe\n1pu6XH9jm2qjsBQgVQouJWVKUA772ojOJCcEAwEaGDBcT6GxE0eM3ZPFk2pQrthG\nQlim5b9ckAlNEI7XjNanMHMBdrlzS1gGuSPjeJb6/GbSlE48pab229MqJ7uCJi4g\ncws/v48DMGSdrjeFGkoiI9ZMcyLKnXGKlPgN6BQddQhyqTiIWFnmOuZpbHVMniS5\nWC5SGHlDGIBxBp5AZVJcJEAeKqIJ7BsDcxzND8eI1Va+JwSzQDvKOORv77/yQzfb\nPO+ds52RtM/zPXVOGsmyDyUDpb1Xu+LaOP05sldV7VXnykaI8QKCAQEA0IsPZ/cK\nxtsV+NE8F/qga2Q3TNyTyPtIiQ8JJNf+/o6YRUkr7MwdpGzPYANlsRlZd03L5fhb\n99n+C05cgkna6penZHc1Y5i++dHZ5qU2AenmfiFHNcN/McXiYpd2uIyfOwiIhdOk\nH0Mz7aQgTg0o4ms7CtAZtC1GPVso/PWn584xTNvc7kLm4J/4LKvJwLOH7fKMeMf9\nqSCP2lZWDtJbZyF+nF5X1m8mogeCmaTqmT2+k5s3LJSqAg1Pn5qC+zoMOglzn+Do\n6sA6g15gz03dch0e2ZDrlLMR2MbSKyLZoCPZnTfTyU+M94JRE8nP6Nvd+4/FaWWs\nja3BIr2LxuN1rQKCAQEA+uOsPL2EIImbB/XvEvlLQo6xTbDL2vnQlQ7Chv/uVNHt\n9uElWe2AjQAI/QAdsIFMCyO05cTVSibIpFLqCz5FvDnCJCTeMwoT0db4IWUnNaL6\nERr7EdMadQVqwyQpZSYnI9eVzwWqD7GZliFg3F0QqBL37oLL5U7Uve1Fr88wo7JV\nXpqP6al9CEgan/g/vv6aO9yFlimM9WH2JkNS7BprGurlOJDS8FoH1CEE01GSwHcm\notHyPZlPUKk6IhjLegp0S3eAHbUb9BE/dE0MP32qrPQTWKANT1Os2gkFZK5Bj3LP\nUp1lTvdxOvwiE8rhYIkRmBQcWEiP2107S9jW44npbQKCAQA3uKBSMCESByH0zLtY\n0N+iMjHQeLOIJRQ5gun3jTsV+zXWdXmmGNfmwigayG2Yh2RvSzsq5FR2gimuDa8M\nJP24ZvMUFgIO7ZZBm/+z7/rhQgUTOIMVa3oF65DUtRHEt9Yn6NzJnUYiEEvEuHDl\nSgDdlrc86WOkz+APrtbh2CWX+3ESz0BV7UxRQo0GKpSKx62PN5qu/wjY8tldBmqS\nJUTE5p802sRviF1zN7x+nyEL9wJ/4B467DIMwE/BHoDW7aisrS/WzTqO1vQLe+E0\nIuMDhaJjkaRQpBQlruIjInmxn0KbDnqpNHc+/vP47Jh/6JeEiuK9iaw0YvPS+4Bo\nkQg1AoIBACWT5EBUwm19LtNKaryUykj1xmi0ilQKBsvMoiZGPxRFPTc1Ebseb5qu\n3qnGUqwVMaaZeobPrIKmvHagVJ3KffdrT0DKpN1QLRfI8vFNjUnjV0EooWJSFCxi\n21LPH8Qeqs4bhDy1xHsFRtPNvAxFhDEoZio7PP7jh8nKuB1VExvxogfBbry4vhl3\nc0VykVmyGLfOl9Od9ZbrTUr92nWyn0gw1pRaXL3TPkjviSF9nlVlg0vv1jCTveV+\n804YGKH23uROycmpTr6HttFcmPEJiX7OL/eeQWAYUFN39m7WCsvJjnP5Tys8tKD5\nEsGUKZ2j6ha1LGmstJ9On4sEt2rtRSECggEAFfCVA8/yXgsfMtcqsT2Torq7T0BO\nxqr+6ljOZ9jh4de1xFNVjQ+v3G8RUW2UWhYxuZolhNaI6Jm8+6dsspk9lBiy26CR\nOUbQoXhyM8PZzDyu1LFED6gDz8Di1ArGybrEwDieCzZnboPisSNd9/8QU6CZkJKh\nCARjBtL2QO20Cwa6jIwCiyRMt9rdhVwsi2CCcUO2x+aDfV2rNJWk5XfSegwDqilL\nPPZfZNWpF42Rn2CPA6WrOYuXHsxAn387vzxzmlc6oITi9inX2zHJztImwfvmSMad\nGcPs17iuCY+BBdydu9e7bORHrvsNetUhBHv80W5NPo4QYLjUOK1iop6MGA==\n-----END RSA PRIVATE KEY-----\n",
            "private_key_pem_pkcs8": "-----BEGIN PRIVATE KEY-----\nMIIJQQIBADANBgkqhkiG9w0BAQEFAASCCSswggknAgEAAoICAQDMYUSpGcRXrpl8\niG6V20eviWEfGPOlLTYhkLrJ5hIHz+rttpX3ZI/oOqyp+QKBx70mpT0zcqJaRzUB\nWpHwp0sGT3kJ8JB8jdjsAUuVUGrydc6dFD2qgWalrjAtSnXU8uu1tHlqG+yUw4yc\nm6C5FBVgQS7E3SrtgA1VGOx4Yt5uH/KGy8kyxSth6Lii2UjYX3WXqQVMFB+nN+52\nCXrc8CPe50Fa8GZU6dOw8iG0qxUUHbD6B5/nRpPK145IBBVzZXvw1gzJHxXg70D7\nCzRSbJEPGElLyQ/vAO3PNljKgBS8xeovGWjzmBWVwXD1VlN6uQ0HP9wwcueKYiP7\nEcIhJKY+lE90aRiQrRubpZUniiZmhwRKJ4+DQvwF1YUnEQ2K8J8y5fWbZpN95duu\nIXiaTLOcvazd5F0XH7wOa46coZWd/yRi9gngIOYd0Jb41Pyo9qFHtKjGZQqHgBKn\nMFI/vmn6PbplyLhxN7lxed+fOvasuhIOASoZ1VdiU+Ws10Td+3bXO3Go5mhHNVcx\nH9mb0xUo7DDNjxwxQW4E9geqSicJOOSjr0WpaxkUvtztveyM0FoTek1MxVdtX/ku\nAEuU+8FUp5Ni/Eu2R7XCCjQBefFbVJ5HZOBMcOcJ9uC2pv1yOLLnPOHMQiZ5ZBzc\n/LtZFXiNcAPn//dbc7HBlWQ5FYiPqQIDAQABAoICADCSQTYK2J2Z8gIljlpw5YVz\nGbDBRk4QA5hQhAOteMWAhS1/Qf6sWILxRs2STyU2qd5AUN4kNS9NUuyCcMKHj43t\nXy+ci0n+j/nuiN7wYKpEkxjDkbAu1o0za2GoG37DSH9DZ8Nu5XepTYZ+eeDiQ/4/\nH3VLtoMA9qotpS0rGf+D+ihM0AEP2LKJEzAogWZisVico5SkB62+3h4RPLC7JVs5\nDFAnZ7pwY43ezWHZcsX4FHInU7osDL2dIsQ8rDhjeuQOirVVfOabFY9T51hbUtIK\njIjFPNMpHlsraEifzc3bHz+YQ1f44dBYS5cSr/4vckgxxguBk0NQ9Yoae09THWq+\ntqFSkw3UxhbXmdiLazzEz5umXkbG6WdiYt7Wm7pcf2ObaqOwFCBVCi4lZUpQDvva\niM4kJwQDARoYMFxPobETR4zdk8WTalCu2EZCWKblv1yQCU0QjteM1qcwcwF2uXNL\nWAa5I+N4lvr8ZtKUTjylpvbb0yonu4ImLiBzCz+/jwMwZJ2uN4UaSiIj1kxzIsqd\ncYqU+A3oFB11CHKpOIhYWeY65mlsdUyeJLlYLlIYeUMYgHEGnkBlUlwkQB4qogns\nGwNzHM0Px4jVVr4nBLNAO8o45G/vv/JDN9s8752znZG0z/M9dU4aybIPJQOlvVe7\n4to4/TmyV1XtVefKRojxAoIBAQDQiw9n9wrG2xX40TwX+qBrZDdM3JPI+0iJDwkk\n1/7+jphFSSvszB2kbM9gA2WxGVl3Tcvl+Fv32f4LTlyCSdrql6dkdzVjmL750dnm\npTYB6eZ+IUc1w38xxeJil3a4jJ87CIiF06QfQzPtpCBODSjiazsK0Bm0LUY9Wyj8\n9afnzjFM29zuQubgn/gsq8nAs4ft8ox4x/2pII/aVlYO0ltnIX6cXlfWbyaiB4KZ\npOqZPb6TmzcslKoCDU+fmoL7Ogw6CXOf4OjqwDqDXmDPTd1yHR7ZkOuUsxHYxtIr\nItmgI9mdN9PJT4z3glETyc/o2937j8VpZayNrcEivYvG43WtAoIBAQD646w8vYQg\niZsH9e8S+UtCjrFNsMva+dCVDsKG/+5U0e324SVZ7YCNAAj9AB2wgUwLI7TlxNVK\nJsikUuoLPkW8OcIkJN4zChPR1vghZSc1ovoRGvsR0xp1BWrDJCllJicj15XPBaoP\nsZmWIWDcXRCoEvfugsvlTtS97UWvzzCjslVemo/pqX0ISBqf+D++/po73IWWKYz1\nYfYmQ1LsGmsa6uU4kNLwWgfUIQTTUZLAdyai0fI9mU9QqToiGMt6CnRLd4AdtRv0\nET90TQw/faqs9BNYoA1PU6zaCQVkrkGPcs9SnWVO93E6/CITyuFgiRGYFBxYSI/b\nXTtL2NbjieltAoIBADe4oFIwIRIHIfTMu1jQ36IyMdB4s4glFDmC6feNOxX7NdZ1\neaYY1+bCKBrIbZiHZG9LOyrkVHaCKa4Nrwwk/bhm8xQWAg7tlkGb/7Pv+uFCBRM4\ngxVregXrkNS1EcS31ifo3MmdRiIQS8S4cOVKAN2WtzzpY6TP4A+u1uHYJZf7cRLP\nQFXtTFFCjQYqlIrHrY83mq7/CNjy2V0GapIlRMTmnzTaxG+IXXM3vH6fIQv3An/g\nHjrsMgzAT8EegNbtqKytL9bNOo7W9At74TQi4wOFomORpFCkFCWu4iMiebGfQpsO\neqk0dz7+8/jsmH/ol4SK4r2JrDRi89L7gGiRCDUCggEAJZPkQFTCbX0u00pqvJTK\nSPXGaLSKVAoGy8yiJkY/FEU9NzURux5vmq7eqcZSrBUxppl6hs+sgqa8dqBUncp9\n92tPQMqk3VAtF8jy8U2NSeNXQSihYlIULGLbUs8fxB6qzhuEPLXEewVG0828DEWE\nMShmKjs8/uOHycq4HVUTG/GiB8FuvLi+GXdzRXKRWbIYt86X0531lutNSv3adbKf\nSDDWlFpcvdM+SO+JIX2eVWWDS+/WMJO95X7zThgYofbe5E7JyalOvoe20VyY8QmJ\nfs4v955BYBhQU3f2btYKy8mOc/lPKzy0oPkSwZQpnaPqFrUsaay0n06fiwS3au1F\nIQKCAQAV8JUDz/JeCx8y1yqxPZOiurtPQE7Gqv7qWM5n2OHh17XEU1WND6/cbxFR\nbZRaFjG5miWE1ojombz7p2yymT2UGLLboJE5RtCheHIzw9nMPK7UsUQPqAPPwOLU\nCsbJusTAOJ4LNmdug+KxI133/xBToJmQkqEIBGMG0vZA7bQLBrqMjAKLJEy32t2F\nXCyLYIJxQ7bH5oN9Xas0laTld9J6DAOqKUs89l9k1akXjZGfYI8Dpas5i5cezECf\nfzu/PHOaVzqghOL2KdfbMcnO0ibB++ZIxp0Zw+zXuK4Jj4EF3J2717ts5Eeu+w16\n1SEEe/zRbk0+jhBguNQ4rWKinowY\n-----END PRIVATE KEY-----\n",
            "public_key_fingerprint_md5": "ae:f7:d7:43:bf:99:46:b0:79:82:c6:cd:b2:b5:72:21",
            "public_key_fingerprint_sha256": "SHA256:Xg+r0Xxe2JUXRm38Kl8CIhHUFE55RcnmZhN7ifnVpuk",
            "public_key_openssh": "ssh-rsa AAAAB3NzaC1yc2EAAAADAQABAAACAQDMYUSpGcRXrpl8iG6V20eviWEfGPOlLTYhkLrJ5hIHz+rttpX3ZI/oOqyp+QKBx70mpT0zcqJaRzUBWpHwp0sGT3kJ8JB8jdjsAUuVUGrydc6dFD2qgWalrjAtSnXU8uu1tHlqG+yUw4ycm6C5FBVgQS7E3SrtgA1VGOx4Yt5uH/KGy8kyxSth6Lii2UjYX3WXqQVMFB+nN+52CXrc8CPe50Fa8GZU6dOw8iG0qxUUHbD6B5/nRpPK145IBBVzZXvw1gzJHxXg70D7CzRSbJEPGElLyQ/vAO3PNljKgBS8xeovGWjzmBWVwXD1VlN6uQ0HP9wwcueKYiP7EcIhJKY+lE90aRiQrRubpZUniiZmhwRKJ4+DQvwF1YUnEQ2K8J8y5fWbZpN95duuIXiaTLOcvazd5F0XH7wOa46coZWd/yRi9gngIOYd0Jb41Pyo9qFHtKjGZQqHgBKnMFI/vmn6PbplyLhxN7lxed+fOvasuhIOASoZ1VdiU+Ws10Td+3bXO3Go5mhHNVcxH9mb0xUo7DDNjxwxQW4E9geqSicJOOSjr0WpaxkUvtztveyM0FoTek1MxVdtX/kuAEuU+8FUp5Ni/Eu2R7XCCjQBefFbVJ5HZOBMcOcJ9uC2pv1yOLLnPOHMQiZ5ZBzc/LtZFXiNcAPn//dbc7HBlWQ5FYiPqQ==\n",
            "public_key_pem": "-----BEGIN PUBLIC KEY-----\nMIICIjANBgkqhkiG9w0BAQEFAAOCAg8AMIICCgKCAgEAzGFEqRnEV66ZfIhuldtH\nr4lhHxjzpS02IZC6yeYSB8/q7baV92SP6DqsqfkCgce9JqU9M3KiWkc1AVqR8KdL\nBk95CfCQfI3Y7AFLlVBq8nXOnRQ9qoFmpa4wLUp11PLrtbR5ahvslMOMnJuguRQV\nYEEuxN0q7YANVRjseGLebh/yhsvJMsUrYei4otlI2F91l6kFTBQfpzfudgl63PAj\n3udBWvBmVOnTsPIhtKsVFB2w+gef50aTyteOSAQVc2V78NYMyR8V4O9A+ws0UmyR\nDxhJS8kP7wDtzzZYyoAUvMXqLxlo85gVlcFw9VZTerkNBz/cMHLnimIj+xHCISSm\nPpRPdGkYkK0bm6WVJ4omZocESiePg0L8BdWFJxENivCfMuX1m2aTfeXbriF4mkyz\nnL2s3eRdFx+8DmuOnKGVnf8kYvYJ4CDmHdCW+NT8qPahR7SoxmUKh4ASpzBSP75p\n+j26Zci4cTe5cXnfnzr2rLoSDgEqGdVXYlPlrNdE3ft21ztxqOZoRzVXMR/Zm9MV\nKOwwzY8cMUFuBPYHqkonCTjko69FqWsZFL7c7b3sjNBaE3pNTMVXbV/5LgBLlPvB\nVKeTYvxLtke1wgo0AXnxW1SeR2TgTHDnCfbgtqb9cjiy5zzhzEImeWQc3Py7WRV4\njXAD5//3W3OxwZVkORWIj6kCAwEAAQ==\n-----END PUBLIC KEY-----\n",
            "rsa_bits": 4096
          },
          "sensitive_attributes": []
        }
      ]
    },
    {
      "module": "module.sg",
      "mode": "managed",
      "type": "aws_security_group",
      "name": "main",
      "provider": "provider[\"registry.terraform.io/hashicorp/aws\"]",
      "instances": [
        {
          "schema_version": 1,
          "attributes": {
            "arn": "arn:aws:ec2:ap-south-1:682800314838:security-group/sg-01da0972789b67ea6",
            "description": "Managed by Terraform",
            "egress": [
              {
                "cidr_blocks": [
                  "0.0.0.0/0"
                ],
                "description": "",
                "from_port": 0,
                "ipv6_cidr_blocks": [],
                "prefix_list_ids": [],
                "protocol": "-1",
                "security_groups": [],
                "self": false,
                "to_port": 0
              }
            ],
            "id": "sg-01da0972789b67ea6",
            "ingress": [
              {
                "cidr_blocks": [
                  "0.0.0.0/0"
                ],
                "description": "ES-HTTP",
                "from_port": 9200,
                "ipv6_cidr_blocks": [],
                "prefix_list_ids": [],
                "protocol": "tcp",
                "security_groups": [],
                "self": false,
                "to_port": 9200
              },
              {
                "cidr_blocks": [
                  "0.0.0.0/0"
                ],
                "description": "ES-TCP",
                "from_port": 9300,
                "ipv6_cidr_blocks": [],
                "prefix_list_ids": [],
                "protocol": "tcp",
                "security_groups": [],
                "self": false,
                "to_port": 9300
              },
              {
                "cidr_blocks": [
                  "0.0.0.0/0"
                ],
                "description": "SSH",
                "from_port": 22,
                "ipv6_cidr_blocks": [],
                "prefix_list_ids": [],
                "protocol": "tcp",
                "security_groups": [],
                "self": false,
                "to_port": 22
              }
            ],
            "name": "terraform-20230326123715401000000001",
            "name_prefix": "terraform-",
            "owner_id": "682800314838",
            "revoke_rules_on_delete": false,
            "tags": {
              "Name": "artemis-sg"
            },
            "tags_all": {
              "Name": "artemis-sg"
            },
            "timeouts": null,
            "vpc_id": "vpc-0c8322b9874d1dc65"
          },
          "sensitive_attributes": [],
          "private": "eyJlMmJmYjczMC1lY2FhLTExZTYtOGY4OC0zNDM2M2JjN2M0YzAiOnsiY3JlYXRlIjo2MDAwMDAwMDAwMDAsImRlbGV0ZSI6OTAwMDAwMDAwMDAwfSwic2NoZW1hX3ZlcnNpb24iOiIxIn0=",
          "dependencies": [
            "module.my_vpc.aws_vpc.main"
          ]
        }
      ]
    },
    {
      "module": "module.sg",
      "mode": "managed",
      "type": "aws_security_group_rule",
      "name": "public_egress",
      "provider": "provider[\"registry.terraform.io/hashicorp/aws\"]",
      "instances": [
        {
          "schema_version": 2,
          "attributes": {
            "cidr_blocks": [
              "0.0.0.0/0"
            ],
            "description": "",
            "from_port": 0,
            "id": "sgrule-101422527",
            "ipv6_cidr_blocks": null,
            "prefix_list_ids": null,
            "protocol": "-1",
            "security_group_id": "sg-01da0972789b67ea6",
            "security_group_rule_id": "sgr-0c880ba6974dda570",
            "self": false,
            "source_security_group_id": null,
            "timeouts": null,
            "to_port": 0,
            "type": "egress"
          },
          "sensitive_attributes": [],
          "private": "eyJlMmJmYjczMC1lY2FhLTExZTYtOGY4OC0zNDM2M2JjN2M0YzAiOnsiY3JlYXRlIjozMDAwMDAwMDAwMDB9LCJzY2hlbWFfdmVyc2lvbiI6IjIifQ==",
          "dependencies": [
            "module.my_vpc.aws_vpc.main",
            "module.sg.aws_security_group.main"
          ]
        }
      ]
    },
    {
      "module": "module.sg",
      "mode": "managed",
      "type": "aws_security_group_rule",
      "name": "public_rules",
      "provider": "provider[\"registry.terraform.io/hashicorp/aws\"]",
      "instances": [
        {
          "index_key": "ingress1",
          "schema_version": 2,
          "attributes": {
            "cidr_blocks": [
              "0.0.0.0/0"
            ],
            "description": "ES-HTTP",
            "from_port": 9200,
            "id": "sgrule-3914500447",
            "ipv6_cidr_blocks": null,
            "prefix_list_ids": null,
            "protocol": "tcp",
            "security_group_id": "sg-01da0972789b67ea6",
            "security_group_rule_id": "sgr-07a3ab8e052a7e788",
            "self": false,
            "source_security_group_id": null,
            "timeouts": null,
            "to_port": 9200,
            "type": "ingress"
          },
          "sensitive_attributes": [],
          "private": "eyJlMmJmYjczMC1lY2FhLTExZTYtOGY4OC0zNDM2M2JjN2M0YzAiOnsiY3JlYXRlIjozMDAwMDAwMDAwMDB9LCJzY2hlbWFfdmVyc2lvbiI6IjIifQ==",
          "dependencies": [
            "module.my_vpc.aws_vpc.main",
            "module.sg.aws_security_group.main"
          ]
        },
        {
          "index_key": "ingress2",
          "schema_version": 2,
          "attributes": {
            "cidr_blocks": [
              "0.0.0.0/0"
            ],
            "description": "ES-TCP",
            "from_port": 9300,
            "id": "sgrule-11061017",
            "ipv6_cidr_blocks": null,
            "prefix_list_ids": null,
            "protocol": "tcp",
            "security_group_id": "sg-01da0972789b67ea6",
            "security_group_rule_id": "sgr-0578ee07a0c8f7467",
            "self": false,
            "source_security_group_id": null,
            "timeouts": null,
            "to_port": 9300,
            "type": "ingress"
          },
          "sensitive_attributes": [],
          "private": "eyJlMmJmYjczMC1lY2FhLTExZTYtOGY4OC0zNDM2M2JjN2M0YzAiOnsiY3JlYXRlIjozMDAwMDAwMDAwMDB9LCJzY2hlbWFfdmVyc2lvbiI6IjIifQ==",
          "dependencies": [
            "module.my_vpc.aws_vpc.main",
            "module.sg.aws_security_group.main"
          ]
        },
        {
          "index_key": "ingress3",
          "schema_version": 2,
          "attributes": {
            "cidr_blocks": [
              "0.0.0.0/0"
            ],
            "description": "SSH",
            "from_port": 22,
            "id": "sgrule-451445117",
            "ipv6_cidr_blocks": null,
            "prefix_list_ids": null,
            "protocol": "tcp",
            "security_group_id": "sg-01da0972789b67ea6",
            "security_group_rule_id": "sgr-0b12cd4fa989dd656",
            "self": false,
            "source_security_group_id": null,
            "timeouts": null,
            "to_port": 22,
            "type": "ingress"
          },
          "sensitive_attributes": [],
          "private": "eyJlMmJmYjczMC1lY2FhLTExZTYtOGY4OC0zNDM2M2JjN2M0YzAiOnsiY3JlYXRlIjozMDAwMDAwMDAwMDB9LCJzY2hlbWFfdmVyc2lvbiI6IjIifQ==",
          "dependencies": [
            "module.my_vpc.aws_vpc.main",
            "module.sg.aws_security_group.main"
          ]
        }
      ]
    }
  ],
  "check_results": null
}
